// !$*UTF8*$!
{
	archiveVersion = 1;
	classes = {
	};
	objectVersion = 46;
	objects = {

/* Begin PBXBuildFile section */
		A103428D19F27D9F0042EF1C /* QBaseFileManager.m in Sources */ = {isa = PBXBuildFile; fileRef = A103428319F27D9F0042EF1C /* QBaseFileManager.m */; };
		A103428E19F27D9F0042EF1C /* UIImageView+LoadImage.m in Sources */ = {isa = PBXBuildFile; fileRef = A103428619F27D9F0042EF1C /* UIImageView+LoadImage.m */; };
		A103429019F27D9F0042EF1C /* QBaseUserInfo.m in Sources */ = {isa = PBXBuildFile; fileRef = A103428C19F27D9F0042EF1C /* QBaseUserInfo.m */; };
		A103429419F27E4F0042EF1C /* QBaseViewController+Photo.m in Sources */ = {isa = PBXBuildFile; fileRef = A103429319F27E4F0042EF1C /* QBaseViewController+Photo.m */; };
		A103429A19F27F880042EF1C /* QBaseTableView.m in Sources */ = {isa = PBXBuildFile; fileRef = A103429719F27F880042EF1C /* QBaseTableView.m */; };
		A103429B19F27F880042EF1C /* QBaseWaterDropRefreshTableView.m in Sources */ = {isa = PBXBuildFile; fileRef = A103429919F27F880042EF1C /* QBaseWaterDropRefreshTableView.m */; };
		A103429F19F27FB50042EF1C /* ODRefreshControl.m in Sources */ = {isa = PBXBuildFile; fileRef = A103429E19F27FB50042EF1C /* ODRefreshControl.m */; };
		A106EEDD1A04CDBA00B4C470 /* 1.png in Resources */ = {isa = PBXBuildFile; fileRef = A106EEDC1A04CDBA00B4C470 /* 1.png */; };
		A106EEE21A04EB0B00B4C470 /* UIView+DDAddition.m in Sources */ = {isa = PBXBuildFile; fileRef = A106EEE11A04EB0B00B4C470 /* UIView+DDAddition.m */; };
		A106EEE71A04EBA000B4C470 /* NSDate+DDAddition.m in Sources */ = {isa = PBXBuildFile; fileRef = A106EEE61A04EBA000B4C470 /* NSDate+DDAddition.m */; };
		A106EEEB1A04EBEA00B4C470 /* NSDictionary+Safe.m in Sources */ = {isa = PBXBuildFile; fileRef = A106EEEA1A04EBEA00B4C470 /* NSDictionary+Safe.m */; };
		A106EEEF1A04F04C00B4C470 /* NSString+Additions.m in Sources */ = {isa = PBXBuildFile; fileRef = A106EEEE1A04F04C00B4C470 /* NSString+Additions.m */; };
		A106EEF91A071C7A00B4C470 /* QBaseDemoViewController.m in Sources */ = {isa = PBXBuildFile; fileRef = A106EEF61A071C7A00B4C470 /* QBaseDemoViewController.m */; };
		A106EEFA1A071C7A00B4C470 /* QBaseRefreshViewController.m in Sources */ = {isa = PBXBuildFile; fileRef = A106EEF81A071C7A00B4C470 /* QBaseRefreshViewController.m */; };
		A106EEFD1A071D2E00B4C470 /* QBaseDemoTableView.m in Sources */ = {isa = PBXBuildFile; fileRef = A106EEFC1A071D2E00B4C470 /* QBaseDemoTableView.m */; };
		A106EF001A071E9C00B4C470 /* QBaseListViewController.m in Sources */ = {isa = PBXBuildFile; fileRef = A106EEFF1A071E9C00B4C470 /* QBaseListViewController.m */; };
		A106EF021A07223C00B4C470 /* VC.plist in Resources */ = {isa = PBXBuildFile; fileRef = A106EF011A07223C00B4C470 /* VC.plist */; };
		A106EF061A0725BA00B4C470 /* QBaseScrollView.m in Sources */ = {isa = PBXBuildFile; fileRef = A106EF051A0725BA00B4C470 /* QBaseScrollView.m */; };
		A106EF091A0725D700B4C470 /* QBaseAnimateScrollView.m in Sources */ = {isa = PBXBuildFile; fileRef = A106EF081A0725D700B4C470 /* QBaseAnimateScrollView.m */; };
		A106EF0C1A07275A00B4C470 /* QBaseAnimateScrollViewElement.m in Sources */ = {isa = PBXBuildFile; fileRef = A106EF0B1A07275A00B4C470 /* QBaseAnimateScrollViewElement.m */; };
		A106EF0F1A0729A200B4C470 /* QBaseView.m in Sources */ = {isa = PBXBuildFile; fileRef = A106EF0E1A0729A200B4C470 /* QBaseView.m */; };
		A1457A8319F4E78A001185D9 /* QBaseViewController+LocationGeocoder.m in Sources */ = {isa = PBXBuildFile; fileRef = A1457A8219F4E78A001185D9 /* QBaseViewController+LocationGeocoder.m */; };
		A1457A8E19F4E83B001185D9 /* QBaseLocationGeocoder.m in Sources */ = {isa = PBXBuildFile; fileRef = A1457A8B19F4E83B001185D9 /* QBaseLocationGeocoder.m */; };
		A1457A9419F4E873001185D9 /* FCCurrentLocationGeocoder.m in Sources */ = {isa = PBXBuildFile; fileRef = A1457A9119F4E873001185D9 /* FCCurrentLocationGeocoder.m */; };
		A1457A9519F4E873001185D9 /* FCIPAddressGeocoder.m in Sources */ = {isa = PBXBuildFile; fileRef = A1457A9319F4E873001185D9 /* FCIPAddressGeocoder.m */; };
		A1E958E319EE6E9F006B68C2 /* Foundation.framework in Frameworks */ = {isa = PBXBuildFile; fileRef = A1E958E219EE6E9F006B68C2 /* Foundation.framework */; };
		A1E958E519EE6E9F006B68C2 /* CoreGraphics.framework in Frameworks */ = {isa = PBXBuildFile; fileRef = A1E958E419EE6E9F006B68C2 /* CoreGraphics.framework */; };
		A1E958E719EE6E9F006B68C2 /* UIKit.framework in Frameworks */ = {isa = PBXBuildFile; fileRef = A1E958E619EE6E9F006B68C2 /* UIKit.framework */; };
		A1E958ED19EE6E9F006B68C2 /* InfoPlist.strings in Resources */ = {isa = PBXBuildFile; fileRef = A1E958EB19EE6E9F006B68C2 /* InfoPlist.strings */; };
		A1E958EF19EE6E9F006B68C2 /* main.m in Sources */ = {isa = PBXBuildFile; fileRef = A1E958EE19EE6E9F006B68C2 /* main.m */; };
		A1E958F319EE6E9F006B68C2 /* QBaseAppDelegate.m in Sources */ = {isa = PBXBuildFile; fileRef = A1E958F219EE6E9F006B68C2 /* QBaseAppDelegate.m */; };
		A1E958F519EE6E9F006B68C2 /* Images.xcassets in Resources */ = {isa = PBXBuildFile; fileRef = A1E958F419EE6E9F006B68C2 /* Images.xcassets */; };
		A1E958FC19EE6E9F006B68C2 /* XCTest.framework in Frameworks */ = {isa = PBXBuildFile; fileRef = A1E958FB19EE6E9F006B68C2 /* XCTest.framework */; };
		A1E958FD19EE6E9F006B68C2 /* Foundation.framework in Frameworks */ = {isa = PBXBuildFile; fileRef = A1E958E219EE6E9F006B68C2 /* Foundation.framework */; };
		A1E958FE19EE6E9F006B68C2 /* UIKit.framework in Frameworks */ = {isa = PBXBuildFile; fileRef = A1E958E619EE6E9F006B68C2 /* UIKit.framework */; };
		A1E9590619EE6E9F006B68C2 /* InfoPlist.strings in Resources */ = {isa = PBXBuildFile; fileRef = A1E9590419EE6E9F006B68C2 /* InfoPlist.strings */; };
		A1E9590819EE6E9F006B68C2 /* QBaseFrameworkDemoTests.m in Sources */ = {isa = PBXBuildFile; fileRef = A1E9590719EE6E9F006B68C2 /* QBaseFrameworkDemoTests.m */; };
		A1E959CF19EE6EB3006B68C2 /* QBaseViewController+KeyBoardObserver.m in Sources */ = {isa = PBXBuildFile; fileRef = A1E9591719EE6EB3006B68C2 /* QBaseViewController+KeyBoardObserver.m */; };
		A1E959D019EE6EB3006B68C2 /* QBaseViewController.m in Sources */ = {isa = PBXBuildFile; fileRef = A1E9591919EE6EB3006B68C2 /* QBaseViewController.m */; };
		A1E959D119EE6EB3006B68C2 /* QBaseModel.m in Sources */ = {isa = PBXBuildFile; fileRef = A1E9591C19EE6EB3006B68C2 /* QBaseModel.m */; };
		A1E959D219EE6EB3006B68C2 /* QBaseDatabase.m in Sources */ = {isa = PBXBuildFile; fileRef = A1E9592819EE6EB3006B68C2 /* QBaseDatabase.m */; };
		A1E959D319EE6EB3006B68C2 /* QBaseSqlHanldler.m in Sources */ = {isa = PBXBuildFile; fileRef = A1E9592A19EE6EB3006B68C2 /* QBaseSqlHanldler.m */; settings = {COMPILER_FLAGS = "-fno-objc-arc"; }; };
		A1E959D419EE6EB3006B68C2 /* NSDictionary+OperationURL.m in Sources */ = {isa = PBXBuildFile; fileRef = A1E9593019EE6EB3006B68C2 /* NSDictionary+OperationURL.m */; };
		A1E959D519EE6EB3006B68C2 /* NSString+ArchiveCache.m in Sources */ = {isa = PBXBuildFile; fileRef = A1E9593219EE6EB3006B68C2 /* NSString+ArchiveCache.m */; };
		A1E959D619EE6EB3006B68C2 /* QBaseNetOperation.m in Sources */ = {isa = PBXBuildFile; fileRef = A1E9593419EE6EB3006B68C2 /* QBaseNetOperation.m */; };
		A1E959D719EE6EB3006B68C2 /* NSObject+QBaseNetworkObserver.m in Sources */ = {isa = PBXBuildFile; fileRef = A1E9593819EE6EB3006B68C2 /* NSObject+QBaseNetworkObserver.m */; };
		A1E959D819EE6EB3006B68C2 /* QBaseNetworkObserver.m in Sources */ = {isa = PBXBuildFile; fileRef = A1E9593A19EE6EB3006B68C2 /* QBaseNetworkObserver.m */; };
		A1E959D919EE6EB3006B68C2 /* QBaseRequest.m in Sources */ = {isa = PBXBuildFile; fileRef = A1E9593D19EE6EB3006B68C2 /* QBaseRequest.m */; };
		A1E959DD19EE6EB3006B68C2 /* AFHTTPRequestOperation.m in Sources */ = {isa = PBXBuildFile; fileRef = A1E9594619EE6EB3006B68C2 /* AFHTTPRequestOperation.m */; };
		A1E959DE19EE6EB3006B68C2 /* AFHTTPRequestOperationManager.m in Sources */ = {isa = PBXBuildFile; fileRef = A1E9594819EE6EB3006B68C2 /* AFHTTPRequestOperationManager.m */; };
		A1E959DF19EE6EB3006B68C2 /* AFHTTPSessionManager.m in Sources */ = {isa = PBXBuildFile; fileRef = A1E9594A19EE6EB3006B68C2 /* AFHTTPSessionManager.m */; };
		A1E959E019EE6EB3006B68C2 /* AFNetworkReachabilityManager.m in Sources */ = {isa = PBXBuildFile; fileRef = A1E9594D19EE6EB3006B68C2 /* AFNetworkReachabilityManager.m */; };
		A1E959E119EE6EB3006B68C2 /* AFSecurityPolicy.m in Sources */ = {isa = PBXBuildFile; fileRef = A1E9594F19EE6EB3006B68C2 /* AFSecurityPolicy.m */; };
		A1E959E219EE6EB3006B68C2 /* AFURLConnectionOperation.m in Sources */ = {isa = PBXBuildFile; fileRef = A1E9595119EE6EB3006B68C2 /* AFURLConnectionOperation.m */; };
		A1E959E319EE6EB3006B68C2 /* AFURLRequestSerialization.m in Sources */ = {isa = PBXBuildFile; fileRef = A1E9595319EE6EB3006B68C2 /* AFURLRequestSerialization.m */; };
		A1E959E419EE6EB3006B68C2 /* AFURLResponseSerialization.m in Sources */ = {isa = PBXBuildFile; fileRef = A1E9595519EE6EB3006B68C2 /* AFURLResponseSerialization.m */; };
		A1E959E519EE6EB3006B68C2 /* AFURLSessionManager.m in Sources */ = {isa = PBXBuildFile; fileRef = A1E9595719EE6EB3006B68C2 /* AFURLSessionManager.m */; };
		A1E959E619EE6EB3006B68C2 /* EGOCache.m in Sources */ = {isa = PBXBuildFile; fileRef = A1E9595A19EE6EB3006B68C2 /* EGOCache.m */; };
		A1E959E819EE6EB3006B68C2 /* FICImageCache.m in Sources */ = {isa = PBXBuildFile; fileRef = A1E9596019EE6EB3006B68C2 /* FICImageCache.m */; };
		A1E959E919EE6EB3006B68C2 /* FICImageFormat.m in Sources */ = {isa = PBXBuildFile; fileRef = A1E9596219EE6EB3006B68C2 /* FICImageFormat.m */; };
		A1E959EA19EE6EB3006B68C2 /* FICImageTable.m in Sources */ = {isa = PBXBuildFile; fileRef = A1E9596419EE6EB3006B68C2 /* FICImageTable.m */; };
		A1E959EB19EE6EB3006B68C2 /* FICImageTableChunk.m in Sources */ = {isa = PBXBuildFile; fileRef = A1E9596619EE6EB3006B68C2 /* FICImageTableChunk.m */; };
		A1E959EC19EE6EB3006B68C2 /* FICImageTableEntry.m in Sources */ = {isa = PBXBuildFile; fileRef = A1E9596819EE6EB3006B68C2 /* FICImageTableEntry.m */; };
		A1E959ED19EE6EB3006B68C2 /* FICUtilities.m in Sources */ = {isa = PBXBuildFile; fileRef = A1E9596B19EE6EB3006B68C2 /* FICUtilities.m */; };
		A1E959EF19EE6EB3006B68C2 /* FLAnimatedImage.m in Sources */ = {isa = PBXBuildFile; fileRef = A1E9596F19EE6EB3006B68C2 /* FLAnimatedImage.m */; };
		A1E959F019EE6EB3006B68C2 /* FLAnimatedImageView.m in Sources */ = {isa = PBXBuildFile; fileRef = A1E9597119EE6EB3006B68C2 /* FLAnimatedImageView.m */; };
		A1E959F319EE6EB3006B68C2 /* FMDatabase.m in Sources */ = {isa = PBXBuildFile; fileRef = A1E9597619EE6EB3006B68C2 /* FMDatabase.m */; };
		A1E959F419EE6EB3006B68C2 /* FMDatabaseAdditions.m in Sources */ = {isa = PBXBuildFile; fileRef = A1E9597819EE6EB3006B68C2 /* FMDatabaseAdditions.m */; };
		A1E959F519EE6EB3006B68C2 /* FMDatabasePool.m in Sources */ = {isa = PBXBuildFile; fileRef = A1E9597A19EE6EB3006B68C2 /* FMDatabasePool.m */; };
		A1E959F619EE6EB3006B68C2 /* FMDatabaseQueue.m in Sources */ = {isa = PBXBuildFile; fileRef = A1E9597C19EE6EB3006B68C2 /* FMDatabaseQueue.m */; };
		A1E959F719EE6EB3006B68C2 /* FMResultSet.m in Sources */ = {isa = PBXBuildFile; fileRef = A1E9597F19EE6EB3006B68C2 /* FMResultSet.m */; };
		A1E959F819EE6EB3006B68C2 /* JSONKit.m in Sources */ = {isa = PBXBuildFile; fileRef = A1E9598219EE6EB3006B68C2 /* JSONKit.m */; settings = {COMPILER_FLAGS = "-fno-objc-arc"; }; };
		A1E959FA19EE6EB3006B68C2 /* JSONModel.m in Sources */ = {isa = PBXBuildFile; fileRef = A1E9598719EE6EB3006B68C2 /* JSONModel.m */; };
		A1E959FB19EE6EB3006B68C2 /* JSONModelArray.m in Sources */ = {isa = PBXBuildFile; fileRef = A1E9598919EE6EB3006B68C2 /* JSONModelArray.m */; };
		A1E959FC19EE6EB3006B68C2 /* JSONModelClassProperty.m in Sources */ = {isa = PBXBuildFile; fileRef = A1E9598B19EE6EB3006B68C2 /* JSONModelClassProperty.m */; };
		A1E959FD19EE6EB3006B68C2 /* JSONModelError.m in Sources */ = {isa = PBXBuildFile; fileRef = A1E9598D19EE6EB3006B68C2 /* JSONModelError.m */; };
		A1E959FE19EE6EB3006B68C2 /* NSArray+JSONModel.m in Sources */ = {isa = PBXBuildFile; fileRef = A1E9599019EE6EB3006B68C2 /* NSArray+JSONModel.m */; };
		A1E959FF19EE6EB3006B68C2 /* JSONAPI.m in Sources */ = {isa = PBXBuildFile; fileRef = A1E9599419EE6EB3006B68C2 /* JSONAPI.m */; };
		A1E95A0019EE6EB3006B68C2 /* JSONHTTPClient.m in Sources */ = {isa = PBXBuildFile; fileRef = A1E9599619EE6EB3006B68C2 /* JSONHTTPClient.m */; };
		A1E95A0119EE6EB3006B68C2 /* JSONModel+networking.m in Sources */ = {isa = PBXBuildFile; fileRef = A1E9599819EE6EB3006B68C2 /* JSONModel+networking.m */; };
		A1E95A0219EE6EB3006B68C2 /* JSONKeyMapper.m in Sources */ = {isa = PBXBuildFile; fileRef = A1E9599B19EE6EB3006B68C2 /* JSONKeyMapper.m */; };
		A1E95A0319EE6EB3006B68C2 /* JSONValueTransformer.m in Sources */ = {isa = PBXBuildFile; fileRef = A1E9599D19EE6EB3006B68C2 /* JSONValueTransformer.m */; };
		A1E95A0519EE6EB3006B68C2 /* Reachability.m in Sources */ = {isa = PBXBuildFile; fileRef = A1E959A119EE6EB3006B68C2 /* Reachability.m */; };
		A1E95A0819EE6EB3006B68C2 /* MKAnnotationView+WebCache.m in Sources */ = {isa = PBXBuildFile; fileRef = A1E959A619EE6EB3006B68C2 /* MKAnnotationView+WebCache.m */; };
		A1E95A0919EE6EB3006B68C2 /* NSData+ImageContentType.m in Sources */ = {isa = PBXBuildFile; fileRef = A1E959A819EE6EB3006B68C2 /* NSData+ImageContentType.m */; };
		A1E95A0A19EE6EB3006B68C2 /* SDImageCache.m in Sources */ = {isa = PBXBuildFile; fileRef = A1E959AA19EE6EB3006B68C2 /* SDImageCache.m */; };
		A1E95A0B19EE6EB3006B68C2 /* SDWebImageCompat.m in Sources */ = {isa = PBXBuildFile; fileRef = A1E959AC19EE6EB3006B68C2 /* SDWebImageCompat.m */; };
		A1E95A0C19EE6EB3006B68C2 /* SDWebImageDecoder.m in Sources */ = {isa = PBXBuildFile; fileRef = A1E959AE19EE6EB3006B68C2 /* SDWebImageDecoder.m */; };
		A1E95A0D19EE6EB3006B68C2 /* SDWebImageDownloader.m in Sources */ = {isa = PBXBuildFile; fileRef = A1E959B019EE6EB3006B68C2 /* SDWebImageDownloader.m */; };
		A1E95A0E19EE6EB3006B68C2 /* SDWebImageDownloaderOperation.m in Sources */ = {isa = PBXBuildFile; fileRef = A1E959B219EE6EB3006B68C2 /* SDWebImageDownloaderOperation.m */; };
		A1E95A0F19EE6EB3006B68C2 /* SDWebImageManager.m in Sources */ = {isa = PBXBuildFile; fileRef = A1E959B419EE6EB3006B68C2 /* SDWebImageManager.m */; };
		A1E95A1019EE6EB3006B68C2 /* SDWebImagePrefetcher.m in Sources */ = {isa = PBXBuildFile; fileRef = A1E959B719EE6EB3006B68C2 /* SDWebImagePrefetcher.m */; };
		A1E95A1119EE6EB3006B68C2 /* UIButton+WebCache.m in Sources */ = {isa = PBXBuildFile; fileRef = A1E959B919EE6EB3006B68C2 /* UIButton+WebCache.m */; };
		A1E95A1219EE6EB3006B68C2 /* UIImage+GIF.m in Sources */ = {isa = PBXBuildFile; fileRef = A1E959BB19EE6EB3006B68C2 /* UIImage+GIF.m */; };
		A1E95A1319EE6EB3006B68C2 /* UIImage+MultiFormat.m in Sources */ = {isa = PBXBuildFile; fileRef = A1E959BD19EE6EB3006B68C2 /* UIImage+MultiFormat.m */; };
		A1E95A1419EE6EB3006B68C2 /* UIImage+WebP.m in Sources */ = {isa = PBXBuildFile; fileRef = A1E959BF19EE6EB3006B68C2 /* UIImage+WebP.m */; };
		A1E95A1519EE6EB3006B68C2 /* UIImageView+HighlightedWebCache.m in Sources */ = {isa = PBXBuildFile; fileRef = A1E959C119EE6EB3006B68C2 /* UIImageView+HighlightedWebCache.m */; };
		A1E95A1619EE6EB3006B68C2 /* UIImageView+WebCache.m in Sources */ = {isa = PBXBuildFile; fileRef = A1E959C319EE6EB3006B68C2 /* UIImageView+WebCache.m */; };
		A1E95A1719EE6EB3006B68C2 /* UIView+WebCacheOperation.m in Sources */ = {isa = PBXBuildFile; fileRef = A1E959C519EE6EB3006B68C2 /* UIView+WebCacheOperation.m */; };
		A1E95A1A19EE6EB3006B68C2 /* TMCache.m in Sources */ = {isa = PBXBuildFile; fileRef = A1E959CA19EE6EB3006B68C2 /* TMCache.m */; };
		A1E95A1B19EE6EB3006B68C2 /* TMDiskCache.m in Sources */ = {isa = PBXBuildFile; fileRef = A1E959CC19EE6EB3006B68C2 /* TMDiskCache.m */; };
		A1E95A1C19EE6EB3006B68C2 /* TMMemoryCache.m in Sources */ = {isa = PBXBuildFile; fileRef = A1E959CE19EE6EB3006B68C2 /* TMMemoryCache.m */; };
		A1E95A1E19EE6F9E006B68C2 /* libz.dylib in Frameworks */ = {isa = PBXBuildFile; fileRef = A1E95A1D19EE6F9E006B68C2 /* libz.dylib */; };
		A1E95A2019EE6FA2006B68C2 /* libsqlite3.dylib in Frameworks */ = {isa = PBXBuildFile; fileRef = A1E95A1F19EE6FA2006B68C2 /* libsqlite3.dylib */; };
/* End PBXBuildFile section */

/* Begin PBXContainerItemProxy section */
		A1E958FF19EE6E9F006B68C2 /* PBXContainerItemProxy */ = {
			isa = PBXContainerItemProxy;
			containerPortal = A1E958D719EE6E9F006B68C2 /* Project object */;
			proxyType = 1;
			remoteGlobalIDString = A1E958DE19EE6E9F006B68C2;
			remoteInfo = QBaseFrameworkDemo;
		};
/* End PBXContainerItemProxy section */

/* Begin PBXFileReference section */
		A103428219F27D9F0042EF1C /* QBaseFileManager.h */ = {isa = PBXFileReference; fileEncoding = 4; lastKnownFileType = sourcecode.c.h; path = QBaseFileManager.h; sourceTree = "<group>"; };
		A103428319F27D9F0042EF1C /* QBaseFileManager.m */ = {isa = PBXFileReference; fileEncoding = 4; lastKnownFileType = sourcecode.c.objc; path = QBaseFileManager.m; sourceTree = "<group>"; };
		A103428519F27D9F0042EF1C /* UIImageView+LoadImage.h */ = {isa = PBXFileReference; fileEncoding = 4; lastKnownFileType = sourcecode.c.h; path = "UIImageView+LoadImage.h"; sourceTree = "<group>"; };
		A103428619F27D9F0042EF1C /* UIImageView+LoadImage.m */ = {isa = PBXFileReference; fileEncoding = 4; lastKnownFileType = sourcecode.c.objc; path = "UIImageView+LoadImage.m"; sourceTree = "<group>"; };
		A103428B19F27D9F0042EF1C /* QBaseUserInfo.h */ = {isa = PBXFileReference; fileEncoding = 4; lastKnownFileType = sourcecode.c.h; path = QBaseUserInfo.h; sourceTree = "<group>"; };
		A103428C19F27D9F0042EF1C /* QBaseUserInfo.m */ = {isa = PBXFileReference; fileEncoding = 4; lastKnownFileType = sourcecode.c.objc; path = QBaseUserInfo.m; sourceTree = "<group>"; };
		A103429119F27DBB0042EF1C /* QBaseUtils.h */ = {isa = PBXFileReference; fileEncoding = 4; lastKnownFileType = sourcecode.c.h; path = QBaseUtils.h; sourceTree = "<group>"; };
		A103429219F27E4F0042EF1C /* QBaseViewController+Photo.h */ = {isa = PBXFileReference; fileEncoding = 4; lastKnownFileType = sourcecode.c.h; path = "QBaseViewController+Photo.h"; sourceTree = "<group>"; };
		A103429319F27E4F0042EF1C /* QBaseViewController+Photo.m */ = {isa = PBXFileReference; fileEncoding = 4; lastKnownFileType = sourcecode.c.objc; path = "QBaseViewController+Photo.m"; sourceTree = "<group>"; };
		A103429619F27F880042EF1C /* QBaseTableView.h */ = {isa = PBXFileReference; fileEncoding = 4; lastKnownFileType = sourcecode.c.h; path = QBaseTableView.h; sourceTree = "<group>"; };
		A103429719F27F880042EF1C /* QBaseTableView.m */ = {isa = PBXFileReference; fileEncoding = 4; lastKnownFileType = sourcecode.c.objc; path = QBaseTableView.m; sourceTree = "<group>"; };
		A103429819F27F880042EF1C /* QBaseWaterDropRefreshTableView.h */ = {isa = PBXFileReference; fileEncoding = 4; lastKnownFileType = sourcecode.c.h; path = QBaseWaterDropRefreshTableView.h; sourceTree = "<group>"; };
		A103429919F27F880042EF1C /* QBaseWaterDropRefreshTableView.m */ = {isa = PBXFileReference; fileEncoding = 4; lastKnownFileType = sourcecode.c.objc; path = QBaseWaterDropRefreshTableView.m; sourceTree = "<group>"; };
		A103429D19F27FB50042EF1C /* ODRefreshControl.h */ = {isa = PBXFileReference; fileEncoding = 4; lastKnownFileType = sourcecode.c.h; path = ODRefreshControl.h; sourceTree = "<group>"; };
		A103429E19F27FB50042EF1C /* ODRefreshControl.m */ = {isa = PBXFileReference; fileEncoding = 4; lastKnownFileType = sourcecode.c.objc; path = ODRefreshControl.m; sourceTree = "<group>"; };
		A106EEDC1A04CDBA00B4C470 /* 1.png */ = {isa = PBXFileReference; lastKnownFileType = image.png; path = 1.png; sourceTree = "<group>"; };
		A106EEE01A04EB0B00B4C470 /* UIView+DDAddition.h */ = {isa = PBXFileReference; fileEncoding = 4; lastKnownFileType = sourcecode.c.h; path = "UIView+DDAddition.h"; sourceTree = "<group>"; };
		A106EEE11A04EB0B00B4C470 /* UIView+DDAddition.m */ = {isa = PBXFileReference; fileEncoding = 4; lastKnownFileType = sourcecode.c.objc; path = "UIView+DDAddition.m"; sourceTree = "<group>"; };
		A106EEE31A04EB2400B4C470 /* QBaseCategoryHeader.h */ = {isa = PBXFileReference; lastKnownFileType = sourcecode.c.h; path = QBaseCategoryHeader.h; sourceTree = "<group>"; };
		A106EEE51A04EBA000B4C470 /* NSDate+DDAddition.h */ = {isa = PBXFileReference; fileEncoding = 4; lastKnownFileType = sourcecode.c.h; path = "NSDate+DDAddition.h"; sourceTree = "<group>"; };
		A106EEE61A04EBA000B4C470 /* NSDate+DDAddition.m */ = {isa = PBXFileReference; fileEncoding = 4; lastKnownFileType = sourcecode.c.objc; path = "NSDate+DDAddition.m"; sourceTree = "<group>"; };
		A106EEE91A04EBEA00B4C470 /* NSDictionary+Safe.h */ = {isa = PBXFileReference; fileEncoding = 4; lastKnownFileType = sourcecode.c.h; path = "NSDictionary+Safe.h"; sourceTree = "<group>"; };
		A106EEEA1A04EBEA00B4C470 /* NSDictionary+Safe.m */ = {isa = PBXFileReference; fileEncoding = 4; lastKnownFileType = sourcecode.c.objc; path = "NSDictionary+Safe.m"; sourceTree = "<group>"; };
		A106EEED1A04F04C00B4C470 /* NSString+Additions.h */ = {isa = PBXFileReference; fileEncoding = 4; lastKnownFileType = sourcecode.c.h; path = "NSString+Additions.h"; sourceTree = "<group>"; };
		A106EEEE1A04F04C00B4C470 /* NSString+Additions.m */ = {isa = PBXFileReference; fileEncoding = 4; lastKnownFileType = sourcecode.c.objc; path = "NSString+Additions.m"; sourceTree = "<group>"; };
		A106EEF51A071C7A00B4C470 /* QBaseDemoViewController.h */ = {isa = PBXFileReference; fileEncoding = 4; lastKnownFileType = sourcecode.c.h; path = QBaseDemoViewController.h; sourceTree = "<group>"; };
		A106EEF61A071C7A00B4C470 /* QBaseDemoViewController.m */ = {isa = PBXFileReference; fileEncoding = 4; lastKnownFileType = sourcecode.c.objc; path = QBaseDemoViewController.m; sourceTree = "<group>"; };
		A106EEF71A071C7A00B4C470 /* QBaseRefreshViewController.h */ = {isa = PBXFileReference; fileEncoding = 4; lastKnownFileType = sourcecode.c.h; path = QBaseRefreshViewController.h; sourceTree = "<group>"; };
		A106EEF81A071C7A00B4C470 /* QBaseRefreshViewController.m */ = {isa = PBXFileReference; fileEncoding = 4; lastKnownFileType = sourcecode.c.objc; path = QBaseRefreshViewController.m; sourceTree = "<group>"; };
		A106EEFB1A071D2E00B4C470 /* QBaseDemoTableView.h */ = {isa = PBXFileReference; fileEncoding = 4; lastKnownFileType = sourcecode.c.h; path = QBaseDemoTableView.h; sourceTree = "<group>"; };
		A106EEFC1A071D2E00B4C470 /* QBaseDemoTableView.m */ = {isa = PBXFileReference; fileEncoding = 4; lastKnownFileType = sourcecode.c.objc; path = QBaseDemoTableView.m; sourceTree = "<group>"; };
		A106EEFE1A071E9C00B4C470 /* QBaseListViewController.h */ = {isa = PBXFileReference; fileEncoding = 4; lastKnownFileType = sourcecode.c.h; path = QBaseListViewController.h; sourceTree = "<group>"; };
		A106EEFF1A071E9C00B4C470 /* QBaseListViewController.m */ = {isa = PBXFileReference; fileEncoding = 4; lastKnownFileType = sourcecode.c.objc; path = QBaseListViewController.m; sourceTree = "<group>"; };
		A106EF011A07223C00B4C470 /* VC.plist */ = {isa = PBXFileReference; fileEncoding = 4; lastKnownFileType = text.plist.xml; path = VC.plist; sourceTree = "<group>"; };
		A106EF041A0725BA00B4C470 /* QBaseScrollView.h */ = {isa = PBXFileReference; fileEncoding = 4; lastKnownFileType = sourcecode.c.h; path = QBaseScrollView.h; sourceTree = "<group>"; };
		A106EF051A0725BA00B4C470 /* QBaseScrollView.m */ = {isa = PBXFileReference; fileEncoding = 4; lastKnownFileType = sourcecode.c.objc; path = QBaseScrollView.m; sourceTree = "<group>"; };
		A106EF071A0725D700B4C470 /* QBaseAnimateScrollView.h */ = {isa = PBXFileReference; fileEncoding = 4; lastKnownFileType = sourcecode.c.h; path = QBaseAnimateScrollView.h; sourceTree = "<group>"; };
		A106EF081A0725D700B4C470 /* QBaseAnimateScrollView.m */ = {isa = PBXFileReference; fileEncoding = 4; lastKnownFileType = sourcecode.c.objc; path = QBaseAnimateScrollView.m; sourceTree = "<group>"; };
		A106EF0A1A07275A00B4C470 /* QBaseAnimateScrollViewElement.h */ = {isa = PBXFileReference; fileEncoding = 4; lastKnownFileType = sourcecode.c.h; path = QBaseAnimateScrollViewElement.h; sourceTree = "<group>"; };
		A106EF0B1A07275A00B4C470 /* QBaseAnimateScrollViewElement.m */ = {isa = PBXFileReference; fileEncoding = 4; lastKnownFileType = sourcecode.c.objc; path = QBaseAnimateScrollViewElement.m; sourceTree = "<group>"; };
		A106EF0D1A0729A200B4C470 /* QBaseView.h */ = {isa = PBXFileReference; fileEncoding = 4; lastKnownFileType = sourcecode.c.h; path = QBaseView.h; sourceTree = "<group>"; };
		A106EF0E1A0729A200B4C470 /* QBaseView.m */ = {isa = PBXFileReference; fileEncoding = 4; lastKnownFileType = sourcecode.c.objc; path = QBaseView.m; sourceTree = "<group>"; };
		A1457A8119F4E78A001185D9 /* QBaseViewController+LocationGeocoder.h */ = {isa = PBXFileReference; fileEncoding = 4; lastKnownFileType = sourcecode.c.h; path = "QBaseViewController+LocationGeocoder.h"; sourceTree = "<group>"; };
		A1457A8219F4E78A001185D9 /* QBaseViewController+LocationGeocoder.m */ = {isa = PBXFileReference; fileEncoding = 4; lastKnownFileType = sourcecode.c.objc; path = "QBaseViewController+LocationGeocoder.m"; sourceTree = "<group>"; };
		A1457A8A19F4E83B001185D9 /* QBaseLocationGeocoder.h */ = {isa = PBXFileReference; fileEncoding = 4; lastKnownFileType = sourcecode.c.h; path = QBaseLocationGeocoder.h; sourceTree = "<group>"; };
		A1457A8B19F4E83B001185D9 /* QBaseLocationGeocoder.m */ = {isa = PBXFileReference; fileEncoding = 4; lastKnownFileType = sourcecode.c.objc; path = QBaseLocationGeocoder.m; sourceTree = "<group>"; };
		A1457A9019F4E873001185D9 /* FCCurrentLocationGeocoder.h */ = {isa = PBXFileReference; fileEncoding = 4; lastKnownFileType = sourcecode.c.h; path = FCCurrentLocationGeocoder.h; sourceTree = "<group>"; };
		A1457A9119F4E873001185D9 /* FCCurrentLocationGeocoder.m */ = {isa = PBXFileReference; fileEncoding = 4; lastKnownFileType = sourcecode.c.objc; path = FCCurrentLocationGeocoder.m; sourceTree = "<group>"; };
		A1457A9219F4E873001185D9 /* FCIPAddressGeocoder.h */ = {isa = PBXFileReference; fileEncoding = 4; lastKnownFileType = sourcecode.c.h; path = FCIPAddressGeocoder.h; sourceTree = "<group>"; };
		A1457A9319F4E873001185D9 /* FCIPAddressGeocoder.m */ = {isa = PBXFileReference; fileEncoding = 4; lastKnownFileType = sourcecode.c.objc; path = FCIPAddressGeocoder.m; sourceTree = "<group>"; };
		A1E958DF19EE6E9F006B68C2 /* QBaseFrameworkDemo.app */ = {isa = PBXFileReference; explicitFileType = wrapper.application; includeInIndex = 0; path = QBaseFrameworkDemo.app; sourceTree = BUILT_PRODUCTS_DIR; };
		A1E958E219EE6E9F006B68C2 /* Foundation.framework */ = {isa = PBXFileReference; lastKnownFileType = wrapper.framework; name = Foundation.framework; path = System/Library/Frameworks/Foundation.framework; sourceTree = SDKROOT; };
		A1E958E419EE6E9F006B68C2 /* CoreGraphics.framework */ = {isa = PBXFileReference; lastKnownFileType = wrapper.framework; name = CoreGraphics.framework; path = System/Library/Frameworks/CoreGraphics.framework; sourceTree = SDKROOT; };
		A1E958E619EE6E9F006B68C2 /* UIKit.framework */ = {isa = PBXFileReference; lastKnownFileType = wrapper.framework; name = UIKit.framework; path = System/Library/Frameworks/UIKit.framework; sourceTree = SDKROOT; };
		A1E958EA19EE6E9F006B68C2 /* QBaseFrameworkDemo-Info.plist */ = {isa = PBXFileReference; lastKnownFileType = text.plist.xml; path = "QBaseFrameworkDemo-Info.plist"; sourceTree = "<group>"; };
		A1E958EC19EE6E9F006B68C2 /* en */ = {isa = PBXFileReference; lastKnownFileType = text.plist.strings; name = en; path = en.lproj/InfoPlist.strings; sourceTree = "<group>"; };
		A1E958EE19EE6E9F006B68C2 /* main.m */ = {isa = PBXFileReference; lastKnownFileType = sourcecode.c.objc; path = main.m; sourceTree = "<group>"; };
		A1E958F019EE6E9F006B68C2 /* QBaseFrameworkDemo-Prefix.pch */ = {isa = PBXFileReference; lastKnownFileType = sourcecode.c.h; path = "QBaseFrameworkDemo-Prefix.pch"; sourceTree = "<group>"; };
		A1E958F119EE6E9F006B68C2 /* QBaseAppDelegate.h */ = {isa = PBXFileReference; lastKnownFileType = sourcecode.c.h; path = QBaseAppDelegate.h; sourceTree = "<group>"; };
		A1E958F219EE6E9F006B68C2 /* QBaseAppDelegate.m */ = {isa = PBXFileReference; lastKnownFileType = sourcecode.c.objc; path = QBaseAppDelegate.m; sourceTree = "<group>"; };
		A1E958F419EE6E9F006B68C2 /* Images.xcassets */ = {isa = PBXFileReference; lastKnownFileType = folder.assetcatalog; path = Images.xcassets; sourceTree = "<group>"; };
		A1E958FA19EE6E9F006B68C2 /* QBaseFrameworkDemoTests.xctest */ = {isa = PBXFileReference; explicitFileType = wrapper.cfbundle; includeInIndex = 0; path = QBaseFrameworkDemoTests.xctest; sourceTree = BUILT_PRODUCTS_DIR; };
		A1E958FB19EE6E9F006B68C2 /* XCTest.framework */ = {isa = PBXFileReference; lastKnownFileType = wrapper.framework; name = XCTest.framework; path = Library/Frameworks/XCTest.framework; sourceTree = DEVELOPER_DIR; };
		A1E9590319EE6E9F006B68C2 /* QBaseFrameworkDemoTests-Info.plist */ = {isa = PBXFileReference; lastKnownFileType = text.plist.xml; path = "QBaseFrameworkDemoTests-Info.plist"; sourceTree = "<group>"; };
		A1E9590519EE6E9F006B68C2 /* en */ = {isa = PBXFileReference; lastKnownFileType = text.plist.strings; name = en; path = en.lproj/InfoPlist.strings; sourceTree = "<group>"; };
		A1E9590719EE6E9F006B68C2 /* QBaseFrameworkDemoTests.m */ = {isa = PBXFileReference; lastKnownFileType = sourcecode.c.objc; path = QBaseFrameworkDemoTests.m; sourceTree = "<group>"; };
		A1E9591619EE6EB3006B68C2 /* QBaseViewController+KeyBoardObserver.h */ = {isa = PBXFileReference; fileEncoding = 4; lastKnownFileType = sourcecode.c.h; path = "QBaseViewController+KeyBoardObserver.h"; sourceTree = "<group>"; };
		A1E9591719EE6EB3006B68C2 /* QBaseViewController+KeyBoardObserver.m */ = {isa = PBXFileReference; fileEncoding = 4; lastKnownFileType = sourcecode.c.objc; path = "QBaseViewController+KeyBoardObserver.m"; sourceTree = "<group>"; };
		A1E9591819EE6EB3006B68C2 /* QBaseViewController.h */ = {isa = PBXFileReference; fileEncoding = 4; lastKnownFileType = sourcecode.c.h; path = QBaseViewController.h; sourceTree = "<group>"; };
		A1E9591919EE6EB3006B68C2 /* QBaseViewController.m */ = {isa = PBXFileReference; fileEncoding = 4; lastKnownFileType = sourcecode.c.objc; path = QBaseViewController.m; sourceTree = "<group>"; };
		A1E9591B19EE6EB3006B68C2 /* QBaseModel.h */ = {isa = PBXFileReference; fileEncoding = 4; lastKnownFileType = sourcecode.c.h; path = QBaseModel.h; sourceTree = "<group>"; };
		A1E9591C19EE6EB3006B68C2 /* QBaseModel.m */ = {isa = PBXFileReference; fileEncoding = 4; lastKnownFileType = sourcecode.c.objc; path = QBaseModel.m; sourceTree = "<group>"; };
		A1E9591D19EE6EB3006B68C2 /* QBaseMVC.h */ = {isa = PBXFileReference; fileEncoding = 4; lastKnownFileType = sourcecode.c.h; path = QBaseMVC.h; sourceTree = "<group>"; };
		A1E9592019EE6EB3006B68C2 /* QBaseFramework.h */ = {isa = PBXFileReference; fileEncoding = 4; lastKnownFileType = sourcecode.c.h; path = QBaseFramework.h; sourceTree = "<group>"; };
		A1E9592119EE6EB3006B68C2 /* QBasePrecompile.h */ = {isa = PBXFileReference; fileEncoding = 4; lastKnownFileType = sourcecode.c.h; path = QBasePrecompile.h; sourceTree = "<group>"; };
		A1E9592219EE6EB3006B68C2 /* QBaseVendor.h */ = {isa = PBXFileReference; fileEncoding = 4; lastKnownFileType = sourcecode.c.h; path = QBaseVendor.h; sourceTree = "<group>"; };
		A1E9592519EE6EB3006B68C2 /* QBaseCache.h */ = {isa = PBXFileReference; fileEncoding = 4; lastKnownFileType = sourcecode.c.h; path = QBaseCache.h; sourceTree = "<group>"; };
		A1E9592719EE6EB3006B68C2 /* QBaseDatabase.h */ = {isa = PBXFileReference; fileEncoding = 4; lastKnownFileType = sourcecode.c.h; path = QBaseDatabase.h; sourceTree = "<group>"; };
		A1E9592819EE6EB3006B68C2 /* QBaseDatabase.m */ = {isa = PBXFileReference; fileEncoding = 4; lastKnownFileType = sourcecode.c.objc; path = QBaseDatabase.m; sourceTree = "<group>"; };
		A1E9592919EE6EB3006B68C2 /* QBaseSqlHanldler.h */ = {isa = PBXFileReference; fileEncoding = 4; lastKnownFileType = sourcecode.c.h; path = QBaseSqlHanldler.h; sourceTree = "<group>"; };
		A1E9592A19EE6EB3006B68C2 /* QBaseSqlHanldler.m */ = {isa = PBXFileReference; fileEncoding = 4; lastKnownFileType = sourcecode.c.objc; path = QBaseSqlHanldler.m; sourceTree = "<group>"; };
		A1E9592C19EE6EB3006B68C2 /* QBaseHttp.h */ = {isa = PBXFileReference; fileEncoding = 4; lastKnownFileType = sourcecode.c.h; path = QBaseHttp.h; sourceTree = "<group>"; };
		A1E9592F19EE6EB3006B68C2 /* NSDictionary+OperationURL.h */ = {isa = PBXFileReference; fileEncoding = 4; lastKnownFileType = sourcecode.c.h; path = "NSDictionary+OperationURL.h"; sourceTree = "<group>"; };
		A1E9593019EE6EB3006B68C2 /* NSDictionary+OperationURL.m */ = {isa = PBXFileReference; fileEncoding = 4; lastKnownFileType = sourcecode.c.objc; path = "NSDictionary+OperationURL.m"; sourceTree = "<group>"; };
		A1E9593119EE6EB3006B68C2 /* NSString+ArchiveCache.h */ = {isa = PBXFileReference; fileEncoding = 4; lastKnownFileType = sourcecode.c.h; path = "NSString+ArchiveCache.h"; sourceTree = "<group>"; };
		A1E9593219EE6EB3006B68C2 /* NSString+ArchiveCache.m */ = {isa = PBXFileReference; fileEncoding = 4; lastKnownFileType = sourcecode.c.objc; path = "NSString+ArchiveCache.m"; sourceTree = "<group>"; };
		A1E9593319EE6EB3006B68C2 /* QBaseNetOperation.h */ = {isa = PBXFileReference; fileEncoding = 4; lastKnownFileType = sourcecode.c.h; path = QBaseNetOperation.h; sourceTree = "<group>"; };
		A1E9593419EE6EB3006B68C2 /* QBaseNetOperation.m */ = {isa = PBXFileReference; fileEncoding = 4; lastKnownFileType = sourcecode.c.objc; path = QBaseNetOperation.m; sourceTree = "<group>"; };
		A1E9593719EE6EB3006B68C2 /* NSObject+QBaseNetworkObserver.h */ = {isa = PBXFileReference; fileEncoding = 4; lastKnownFileType = sourcecode.c.h; path = "NSObject+QBaseNetworkObserver.h"; sourceTree = "<group>"; };
		A1E9593819EE6EB3006B68C2 /* NSObject+QBaseNetworkObserver.m */ = {isa = PBXFileReference; fileEncoding = 4; lastKnownFileType = sourcecode.c.objc; path = "NSObject+QBaseNetworkObserver.m"; sourceTree = "<group>"; };
		A1E9593919EE6EB3006B68C2 /* QBaseNetworkObserver.h */ = {isa = PBXFileReference; fileEncoding = 4; lastKnownFileType = sourcecode.c.h; path = QBaseNetworkObserver.h; sourceTree = "<group>"; };
		A1E9593A19EE6EB3006B68C2 /* QBaseNetworkObserver.m */ = {isa = PBXFileReference; fileEncoding = 4; lastKnownFileType = sourcecode.c.objc; path = QBaseNetworkObserver.m; sourceTree = "<group>"; };
		A1E9593C19EE6EB3006B68C2 /* QBaseRequest.h */ = {isa = PBXFileReference; fileEncoding = 4; lastKnownFileType = sourcecode.c.h; path = QBaseRequest.h; sourceTree = "<group>"; };
		A1E9593D19EE6EB3006B68C2 /* QBaseRequest.m */ = {isa = PBXFileReference; fileEncoding = 4; lastKnownFileType = sourcecode.c.objc; path = QBaseRequest.m; sourceTree = "<group>"; };
		A1E9593E19EE6EB3006B68C2 /* QBaseSystem.h */ = {isa = PBXFileReference; fileEncoding = 4; lastKnownFileType = sourcecode.c.h; path = QBaseSystem.h; sourceTree = "<group>"; };
		A1E9594519EE6EB3006B68C2 /* AFHTTPRequestOperation.h */ = {isa = PBXFileReference; fileEncoding = 4; lastKnownFileType = sourcecode.c.h; path = AFHTTPRequestOperation.h; sourceTree = "<group>"; };
		A1E9594619EE6EB3006B68C2 /* AFHTTPRequestOperation.m */ = {isa = PBXFileReference; fileEncoding = 4; lastKnownFileType = sourcecode.c.objc; path = AFHTTPRequestOperation.m; sourceTree = "<group>"; };
		A1E9594719EE6EB3006B68C2 /* AFHTTPRequestOperationManager.h */ = {isa = PBXFileReference; fileEncoding = 4; lastKnownFileType = sourcecode.c.h; path = AFHTTPRequestOperationManager.h; sourceTree = "<group>"; };
		A1E9594819EE6EB3006B68C2 /* AFHTTPRequestOperationManager.m */ = {isa = PBXFileReference; fileEncoding = 4; lastKnownFileType = sourcecode.c.objc; path = AFHTTPRequestOperationManager.m; sourceTree = "<group>"; };
		A1E9594919EE6EB3006B68C2 /* AFHTTPSessionManager.h */ = {isa = PBXFileReference; fileEncoding = 4; lastKnownFileType = sourcecode.c.h; path = AFHTTPSessionManager.h; sourceTree = "<group>"; };
		A1E9594A19EE6EB3006B68C2 /* AFHTTPSessionManager.m */ = {isa = PBXFileReference; fileEncoding = 4; lastKnownFileType = sourcecode.c.objc; path = AFHTTPSessionManager.m; sourceTree = "<group>"; };
		A1E9594B19EE6EB3006B68C2 /* AFNetworking.h */ = {isa = PBXFileReference; fileEncoding = 4; lastKnownFileType = sourcecode.c.h; path = AFNetworking.h; sourceTree = "<group>"; };
		A1E9594C19EE6EB3006B68C2 /* AFNetworkReachabilityManager.h */ = {isa = PBXFileReference; fileEncoding = 4; lastKnownFileType = sourcecode.c.h; path = AFNetworkReachabilityManager.h; sourceTree = "<group>"; };
		A1E9594D19EE6EB3006B68C2 /* AFNetworkReachabilityManager.m */ = {isa = PBXFileReference; fileEncoding = 4; lastKnownFileType = sourcecode.c.objc; path = AFNetworkReachabilityManager.m; sourceTree = "<group>"; };
		A1E9594E19EE6EB3006B68C2 /* AFSecurityPolicy.h */ = {isa = PBXFileReference; fileEncoding = 4; lastKnownFileType = sourcecode.c.h; path = AFSecurityPolicy.h; sourceTree = "<group>"; };
		A1E9594F19EE6EB3006B68C2 /* AFSecurityPolicy.m */ = {isa = PBXFileReference; fileEncoding = 4; lastKnownFileType = sourcecode.c.objc; path = AFSecurityPolicy.m; sourceTree = "<group>"; };
		A1E9595019EE6EB3006B68C2 /* AFURLConnectionOperation.h */ = {isa = PBXFileReference; fileEncoding = 4; lastKnownFileType = sourcecode.c.h; path = AFURLConnectionOperation.h; sourceTree = "<group>"; };
		A1E9595119EE6EB3006B68C2 /* AFURLConnectionOperation.m */ = {isa = PBXFileReference; fileEncoding = 4; lastKnownFileType = sourcecode.c.objc; path = AFURLConnectionOperation.m; sourceTree = "<group>"; };
		A1E9595219EE6EB3006B68C2 /* AFURLRequestSerialization.h */ = {isa = PBXFileReference; fileEncoding = 4; lastKnownFileType = sourcecode.c.h; path = AFURLRequestSerialization.h; sourceTree = "<group>"; };
		A1E9595319EE6EB3006B68C2 /* AFURLRequestSerialization.m */ = {isa = PBXFileReference; fileEncoding = 4; lastKnownFileType = sourcecode.c.objc; path = AFURLRequestSerialization.m; sourceTree = "<group>"; };
		A1E9595419EE6EB3006B68C2 /* AFURLResponseSerialization.h */ = {isa = PBXFileReference; fileEncoding = 4; lastKnownFileType = sourcecode.c.h; path = AFURLResponseSerialization.h; sourceTree = "<group>"; };
		A1E9595519EE6EB3006B68C2 /* AFURLResponseSerialization.m */ = {isa = PBXFileReference; fileEncoding = 4; lastKnownFileType = sourcecode.c.objc; path = AFURLResponseSerialization.m; sourceTree = "<group>"; };
		A1E9595619EE6EB3006B68C2 /* AFURLSessionManager.h */ = {isa = PBXFileReference; fileEncoding = 4; lastKnownFileType = sourcecode.c.h; path = AFURLSessionManager.h; sourceTree = "<group>"; };
		A1E9595719EE6EB3006B68C2 /* AFURLSessionManager.m */ = {isa = PBXFileReference; fileEncoding = 4; lastKnownFileType = sourcecode.c.objc; path = AFURLSessionManager.m; sourceTree = "<group>"; };
		A1E9595919EE6EB3006B68C2 /* EGOCache.h */ = {isa = PBXFileReference; fileEncoding = 4; lastKnownFileType = sourcecode.c.h; path = EGOCache.h; sourceTree = "<group>"; };
		A1E9595A19EE6EB3006B68C2 /* EGOCache.m */ = {isa = PBXFileReference; fileEncoding = 4; lastKnownFileType = sourcecode.c.objc; path = EGOCache.m; sourceTree = "<group>"; };
		A1E9595D19EE6EB3006B68C2 /* FICEntity.h */ = {isa = PBXFileReference; fileEncoding = 4; lastKnownFileType = sourcecode.c.h; path = FICEntity.h; sourceTree = "<group>"; };
		A1E9595E19EE6EB3006B68C2 /* FICImageCache+FICErrorLogging.h */ = {isa = PBXFileReference; fileEncoding = 4; lastKnownFileType = sourcecode.c.h; path = "FICImageCache+FICErrorLogging.h"; sourceTree = "<group>"; };
		A1E9595F19EE6EB3006B68C2 /* FICImageCache.h */ = {isa = PBXFileReference; fileEncoding = 4; lastKnownFileType = sourcecode.c.h; path = FICImageCache.h; sourceTree = "<group>"; };
		A1E9596019EE6EB3006B68C2 /* FICImageCache.m */ = {isa = PBXFileReference; fileEncoding = 4; lastKnownFileType = sourcecode.c.objc; path = FICImageCache.m; sourceTree = "<group>"; };
		A1E9596119EE6EB3006B68C2 /* FICImageFormat.h */ = {isa = PBXFileReference; fileEncoding = 4; lastKnownFileType = sourcecode.c.h; path = FICImageFormat.h; sourceTree = "<group>"; };
		A1E9596219EE6EB3006B68C2 /* FICImageFormat.m */ = {isa = PBXFileReference; fileEncoding = 4; lastKnownFileType = sourcecode.c.objc; path = FICImageFormat.m; sourceTree = "<group>"; };
		A1E9596319EE6EB3006B68C2 /* FICImageTable.h */ = {isa = PBXFileReference; fileEncoding = 4; lastKnownFileType = sourcecode.c.h; path = FICImageTable.h; sourceTree = "<group>"; };
		A1E9596419EE6EB3006B68C2 /* FICImageTable.m */ = {isa = PBXFileReference; fileEncoding = 4; lastKnownFileType = sourcecode.c.objc; path = FICImageTable.m; sourceTree = "<group>"; };
		A1E9596519EE6EB3006B68C2 /* FICImageTableChunk.h */ = {isa = PBXFileReference; fileEncoding = 4; lastKnownFileType = sourcecode.c.h; path = FICImageTableChunk.h; sourceTree = "<group>"; };
		A1E9596619EE6EB3006B68C2 /* FICImageTableChunk.m */ = {isa = PBXFileReference; fileEncoding = 4; lastKnownFileType = sourcecode.c.objc; path = FICImageTableChunk.m; sourceTree = "<group>"; };
		A1E9596719EE6EB3006B68C2 /* FICImageTableEntry.h */ = {isa = PBXFileReference; fileEncoding = 4; lastKnownFileType = sourcecode.c.h; path = FICImageTableEntry.h; sourceTree = "<group>"; };
		A1E9596819EE6EB3006B68C2 /* FICImageTableEntry.m */ = {isa = PBXFileReference; fileEncoding = 4; lastKnownFileType = sourcecode.c.objc; path = FICImageTableEntry.m; sourceTree = "<group>"; };
		A1E9596919EE6EB3006B68C2 /* FICImports.h */ = {isa = PBXFileReference; fileEncoding = 4; lastKnownFileType = sourcecode.c.h; path = FICImports.h; sourceTree = "<group>"; };
		A1E9596A19EE6EB3006B68C2 /* FICUtilities.h */ = {isa = PBXFileReference; fileEncoding = 4; lastKnownFileType = sourcecode.c.h; path = FICUtilities.h; sourceTree = "<group>"; };
		A1E9596B19EE6EB3006B68C2 /* FICUtilities.m */ = {isa = PBXFileReference; fileEncoding = 4; lastKnownFileType = sourcecode.c.objc; path = FICUtilities.m; sourceTree = "<group>"; };
		A1E9596E19EE6EB3006B68C2 /* FLAnimatedImage.h */ = {isa = PBXFileReference; fileEncoding = 4; lastKnownFileType = sourcecode.c.h; path = FLAnimatedImage.h; sourceTree = "<group>"; };
		A1E9596F19EE6EB3006B68C2 /* FLAnimatedImage.m */ = {isa = PBXFileReference; fileEncoding = 4; lastKnownFileType = sourcecode.c.objc; path = FLAnimatedImage.m; sourceTree = "<group>"; };
		A1E9597019EE6EB3006B68C2 /* FLAnimatedImageView.h */ = {isa = PBXFileReference; fileEncoding = 4; lastKnownFileType = sourcecode.c.h; path = FLAnimatedImageView.h; sourceTree = "<group>"; };
		A1E9597119EE6EB3006B68C2 /* FLAnimatedImageView.m */ = {isa = PBXFileReference; fileEncoding = 4; lastKnownFileType = sourcecode.c.objc; path = FLAnimatedImageView.m; sourceTree = "<group>"; };
		A1E9597519EE6EB3006B68C2 /* FMDatabase.h */ = {isa = PBXFileReference; fileEncoding = 4; lastKnownFileType = sourcecode.c.h; path = FMDatabase.h; sourceTree = "<group>"; };
		A1E9597619EE6EB3006B68C2 /* FMDatabase.m */ = {isa = PBXFileReference; fileEncoding = 4; lastKnownFileType = sourcecode.c.objc; path = FMDatabase.m; sourceTree = "<group>"; };
		A1E9597719EE6EB3006B68C2 /* FMDatabaseAdditions.h */ = {isa = PBXFileReference; fileEncoding = 4; lastKnownFileType = sourcecode.c.h; path = FMDatabaseAdditions.h; sourceTree = "<group>"; };
		A1E9597819EE6EB3006B68C2 /* FMDatabaseAdditions.m */ = {isa = PBXFileReference; fileEncoding = 4; lastKnownFileType = sourcecode.c.objc; path = FMDatabaseAdditions.m; sourceTree = "<group>"; };
		A1E9597919EE6EB3006B68C2 /* FMDatabasePool.h */ = {isa = PBXFileReference; fileEncoding = 4; lastKnownFileType = sourcecode.c.h; path = FMDatabasePool.h; sourceTree = "<group>"; };
		A1E9597A19EE6EB3006B68C2 /* FMDatabasePool.m */ = {isa = PBXFileReference; fileEncoding = 4; lastKnownFileType = sourcecode.c.objc; path = FMDatabasePool.m; sourceTree = "<group>"; };
		A1E9597B19EE6EB3006B68C2 /* FMDatabaseQueue.h */ = {isa = PBXFileReference; fileEncoding = 4; lastKnownFileType = sourcecode.c.h; path = FMDatabaseQueue.h; sourceTree = "<group>"; };
		A1E9597C19EE6EB3006B68C2 /* FMDatabaseQueue.m */ = {isa = PBXFileReference; fileEncoding = 4; lastKnownFileType = sourcecode.c.objc; path = FMDatabaseQueue.m; sourceTree = "<group>"; };
		A1E9597D19EE6EB3006B68C2 /* FMDB.h */ = {isa = PBXFileReference; fileEncoding = 4; lastKnownFileType = sourcecode.c.h; path = FMDB.h; sourceTree = "<group>"; };
		A1E9597E19EE6EB3006B68C2 /* FMResultSet.h */ = {isa = PBXFileReference; fileEncoding = 4; lastKnownFileType = sourcecode.c.h; path = FMResultSet.h; sourceTree = "<group>"; };
		A1E9597F19EE6EB3006B68C2 /* FMResultSet.m */ = {isa = PBXFileReference; fileEncoding = 4; lastKnownFileType = sourcecode.c.objc; path = FMResultSet.m; sourceTree = "<group>"; };
		A1E9598119EE6EB3006B68C2 /* JSONKit.h */ = {isa = PBXFileReference; fileEncoding = 4; lastKnownFileType = sourcecode.c.h; path = JSONKit.h; sourceTree = "<group>"; };
		A1E9598219EE6EB3006B68C2 /* JSONKit.m */ = {isa = PBXFileReference; fileEncoding = 4; lastKnownFileType = sourcecode.c.objc; path = JSONKit.m; sourceTree = "<group>"; };
		A1E9598619EE6EB3006B68C2 /* JSONModel.h */ = {isa = PBXFileReference; fileEncoding = 4; lastKnownFileType = sourcecode.c.h; path = JSONModel.h; sourceTree = "<group>"; };
		A1E9598719EE6EB3006B68C2 /* JSONModel.m */ = {isa = PBXFileReference; fileEncoding = 4; lastKnownFileType = sourcecode.c.objc; path = JSONModel.m; sourceTree = "<group>"; };
		A1E9598819EE6EB3006B68C2 /* JSONModelArray.h */ = {isa = PBXFileReference; fileEncoding = 4; lastKnownFileType = sourcecode.c.h; path = JSONModelArray.h; sourceTree = "<group>"; };
		A1E9598919EE6EB3006B68C2 /* JSONModelArray.m */ = {isa = PBXFileReference; fileEncoding = 4; lastKnownFileType = sourcecode.c.objc; path = JSONModelArray.m; sourceTree = "<group>"; };
		A1E9598A19EE6EB3006B68C2 /* JSONModelClassProperty.h */ = {isa = PBXFileReference; fileEncoding = 4; lastKnownFileType = sourcecode.c.h; path = JSONModelClassProperty.h; sourceTree = "<group>"; };
		A1E9598B19EE6EB3006B68C2 /* JSONModelClassProperty.m */ = {isa = PBXFileReference; fileEncoding = 4; lastKnownFileType = sourcecode.c.objc; path = JSONModelClassProperty.m; sourceTree = "<group>"; };
		A1E9598C19EE6EB3006B68C2 /* JSONModelError.h */ = {isa = PBXFileReference; fileEncoding = 4; lastKnownFileType = sourcecode.c.h; path = JSONModelError.h; sourceTree = "<group>"; };
		A1E9598D19EE6EB3006B68C2 /* JSONModelError.m */ = {isa = PBXFileReference; fileEncoding = 4; lastKnownFileType = sourcecode.c.objc; path = JSONModelError.m; sourceTree = "<group>"; };
		A1E9598F19EE6EB3006B68C2 /* NSArray+JSONModel.h */ = {isa = PBXFileReference; fileEncoding = 4; lastKnownFileType = sourcecode.c.h; path = "NSArray+JSONModel.h"; sourceTree = "<group>"; };
		A1E9599019EE6EB3006B68C2 /* NSArray+JSONModel.m */ = {isa = PBXFileReference; fileEncoding = 4; lastKnownFileType = sourcecode.c.objc; path = "NSArray+JSONModel.m"; sourceTree = "<group>"; };
		A1E9599119EE6EB3006B68C2 /* JSONModelLib.h */ = {isa = PBXFileReference; fileEncoding = 4; lastKnownFileType = sourcecode.c.h; path = JSONModelLib.h; sourceTree = "<group>"; };
		A1E9599319EE6EB3006B68C2 /* JSONAPI.h */ = {isa = PBXFileReference; fileEncoding = 4; lastKnownFileType = sourcecode.c.h; path = JSONAPI.h; sourceTree = "<group>"; };
		A1E9599419EE6EB3006B68C2 /* JSONAPI.m */ = {isa = PBXFileReference; fileEncoding = 4; lastKnownFileType = sourcecode.c.objc; path = JSONAPI.m; sourceTree = "<group>"; };
		A1E9599519EE6EB3006B68C2 /* JSONHTTPClient.h */ = {isa = PBXFileReference; fileEncoding = 4; lastKnownFileType = sourcecode.c.h; path = JSONHTTPClient.h; sourceTree = "<group>"; };
		A1E9599619EE6EB3006B68C2 /* JSONHTTPClient.m */ = {isa = PBXFileReference; fileEncoding = 4; lastKnownFileType = sourcecode.c.objc; path = JSONHTTPClient.m; sourceTree = "<group>"; };
		A1E9599719EE6EB3006B68C2 /* JSONModel+networking.h */ = {isa = PBXFileReference; fileEncoding = 4; lastKnownFileType = sourcecode.c.h; path = "JSONModel+networking.h"; sourceTree = "<group>"; };
		A1E9599819EE6EB3006B68C2 /* JSONModel+networking.m */ = {isa = PBXFileReference; fileEncoding = 4; lastKnownFileType = sourcecode.c.objc; path = "JSONModel+networking.m"; sourceTree = "<group>"; };
		A1E9599A19EE6EB3006B68C2 /* JSONKeyMapper.h */ = {isa = PBXFileReference; fileEncoding = 4; lastKnownFileType = sourcecode.c.h; path = JSONKeyMapper.h; sourceTree = "<group>"; };
		A1E9599B19EE6EB3006B68C2 /* JSONKeyMapper.m */ = {isa = PBXFileReference; fileEncoding = 4; lastKnownFileType = sourcecode.c.objc; path = JSONKeyMapper.m; sourceTree = "<group>"; };
		A1E9599C19EE6EB3006B68C2 /* JSONValueTransformer.h */ = {isa = PBXFileReference; fileEncoding = 4; lastKnownFileType = sourcecode.c.h; path = JSONValueTransformer.h; sourceTree = "<group>"; };
		A1E9599D19EE6EB3006B68C2 /* JSONValueTransformer.m */ = {isa = PBXFileReference; fileEncoding = 4; lastKnownFileType = sourcecode.c.objc; path = JSONValueTransformer.m; sourceTree = "<group>"; };
		A1E959A019EE6EB3006B68C2 /* Reachability.h */ = {isa = PBXFileReference; fileEncoding = 4; lastKnownFileType = sourcecode.c.h; path = Reachability.h; sourceTree = "<group>"; };
		A1E959A119EE6EB3006B68C2 /* Reachability.m */ = {isa = PBXFileReference; fileEncoding = 4; lastKnownFileType = sourcecode.c.objc; path = Reachability.m; sourceTree = "<group>"; };
		A1E959A519EE6EB3006B68C2 /* MKAnnotationView+WebCache.h */ = {isa = PBXFileReference; fileEncoding = 4; lastKnownFileType = sourcecode.c.h; path = "MKAnnotationView+WebCache.h"; sourceTree = "<group>"; };
		A1E959A619EE6EB3006B68C2 /* MKAnnotationView+WebCache.m */ = {isa = PBXFileReference; fileEncoding = 4; lastKnownFileType = sourcecode.c.objc; path = "MKAnnotationView+WebCache.m"; sourceTree = "<group>"; };
		A1E959A719EE6EB3006B68C2 /* NSData+ImageContentType.h */ = {isa = PBXFileReference; fileEncoding = 4; lastKnownFileType = sourcecode.c.h; path = "NSData+ImageContentType.h"; sourceTree = "<group>"; };
		A1E959A819EE6EB3006B68C2 /* NSData+ImageContentType.m */ = {isa = PBXFileReference; fileEncoding = 4; lastKnownFileType = sourcecode.c.objc; path = "NSData+ImageContentType.m"; sourceTree = "<group>"; };
		A1E959A919EE6EB3006B68C2 /* SDImageCache.h */ = {isa = PBXFileReference; fileEncoding = 4; lastKnownFileType = sourcecode.c.h; path = SDImageCache.h; sourceTree = "<group>"; };
		A1E959AA19EE6EB3006B68C2 /* SDImageCache.m */ = {isa = PBXFileReference; fileEncoding = 4; lastKnownFileType = sourcecode.c.objc; path = SDImageCache.m; sourceTree = "<group>"; };
		A1E959AB19EE6EB3006B68C2 /* SDWebImageCompat.h */ = {isa = PBXFileReference; fileEncoding = 4; lastKnownFileType = sourcecode.c.h; path = SDWebImageCompat.h; sourceTree = "<group>"; };
		A1E959AC19EE6EB3006B68C2 /* SDWebImageCompat.m */ = {isa = PBXFileReference; fileEncoding = 4; lastKnownFileType = sourcecode.c.objc; path = SDWebImageCompat.m; sourceTree = "<group>"; };
		A1E959AD19EE6EB3006B68C2 /* SDWebImageDecoder.h */ = {isa = PBXFileReference; fileEncoding = 4; lastKnownFileType = sourcecode.c.h; path = SDWebImageDecoder.h; sourceTree = "<group>"; };
		A1E959AE19EE6EB3006B68C2 /* SDWebImageDecoder.m */ = {isa = PBXFileReference; fileEncoding = 4; lastKnownFileType = sourcecode.c.objc; path = SDWebImageDecoder.m; sourceTree = "<group>"; };
		A1E959AF19EE6EB3006B68C2 /* SDWebImageDownloader.h */ = {isa = PBXFileReference; fileEncoding = 4; lastKnownFileType = sourcecode.c.h; path = SDWebImageDownloader.h; sourceTree = "<group>"; };
		A1E959B019EE6EB3006B68C2 /* SDWebImageDownloader.m */ = {isa = PBXFileReference; fileEncoding = 4; lastKnownFileType = sourcecode.c.objc; path = SDWebImageDownloader.m; sourceTree = "<group>"; };
		A1E959B119EE6EB3006B68C2 /* SDWebImageDownloaderOperation.h */ = {isa = PBXFileReference; fileEncoding = 4; lastKnownFileType = sourcecode.c.h; path = SDWebImageDownloaderOperation.h; sourceTree = "<group>"; };
		A1E959B219EE6EB3006B68C2 /* SDWebImageDownloaderOperation.m */ = {isa = PBXFileReference; fileEncoding = 4; lastKnownFileType = sourcecode.c.objc; path = SDWebImageDownloaderOperation.m; sourceTree = "<group>"; };
		A1E959B319EE6EB3006B68C2 /* SDWebImageManager.h */ = {isa = PBXFileReference; fileEncoding = 4; lastKnownFileType = sourcecode.c.h; path = SDWebImageManager.h; sourceTree = "<group>"; };
		A1E959B419EE6EB3006B68C2 /* SDWebImageManager.m */ = {isa = PBXFileReference; fileEncoding = 4; lastKnownFileType = sourcecode.c.objc; path = SDWebImageManager.m; sourceTree = "<group>"; };
		A1E959B519EE6EB3006B68C2 /* SDWebImageOperation.h */ = {isa = PBXFileReference; fileEncoding = 4; lastKnownFileType = sourcecode.c.h; path = SDWebImageOperation.h; sourceTree = "<group>"; };
		A1E959B619EE6EB3006B68C2 /* SDWebImagePrefetcher.h */ = {isa = PBXFileReference; fileEncoding = 4; lastKnownFileType = sourcecode.c.h; path = SDWebImagePrefetcher.h; sourceTree = "<group>"; };
		A1E959B719EE6EB3006B68C2 /* SDWebImagePrefetcher.m */ = {isa = PBXFileReference; fileEncoding = 4; lastKnownFileType = sourcecode.c.objc; path = SDWebImagePrefetcher.m; sourceTree = "<group>"; };
		A1E959B819EE6EB3006B68C2 /* UIButton+WebCache.h */ = {isa = PBXFileReference; fileEncoding = 4; lastKnownFileType = sourcecode.c.h; path = "UIButton+WebCache.h"; sourceTree = "<group>"; };
		A1E959B919EE6EB3006B68C2 /* UIButton+WebCache.m */ = {isa = PBXFileReference; fileEncoding = 4; lastKnownFileType = sourcecode.c.objc; path = "UIButton+WebCache.m"; sourceTree = "<group>"; };
		A1E959BA19EE6EB3006B68C2 /* UIImage+GIF.h */ = {isa = PBXFileReference; fileEncoding = 4; lastKnownFileType = sourcecode.c.h; path = "UIImage+GIF.h"; sourceTree = "<group>"; };
		A1E959BB19EE6EB3006B68C2 /* UIImage+GIF.m */ = {isa = PBXFileReference; fileEncoding = 4; lastKnownFileType = sourcecode.c.objc; path = "UIImage+GIF.m"; sourceTree = "<group>"; };
		A1E959BC19EE6EB3006B68C2 /* UIImage+MultiFormat.h */ = {isa = PBXFileReference; fileEncoding = 4; lastKnownFileType = sourcecode.c.h; path = "UIImage+MultiFormat.h"; sourceTree = "<group>"; };
		A1E959BD19EE6EB3006B68C2 /* UIImage+MultiFormat.m */ = {isa = PBXFileReference; fileEncoding = 4; lastKnownFileType = sourcecode.c.objc; path = "UIImage+MultiFormat.m"; sourceTree = "<group>"; };
		A1E959BE19EE6EB3006B68C2 /* UIImage+WebP.h */ = {isa = PBXFileReference; fileEncoding = 4; lastKnownFileType = sourcecode.c.h; path = "UIImage+WebP.h"; sourceTree = "<group>"; };
		A1E959BF19EE6EB3006B68C2 /* UIImage+WebP.m */ = {isa = PBXFileReference; fileEncoding = 4; lastKnownFileType = sourcecode.c.objc; path = "UIImage+WebP.m"; sourceTree = "<group>"; };
		A1E959C019EE6EB3006B68C2 /* UIImageView+HighlightedWebCache.h */ = {isa = PBXFileReference; fileEncoding = 4; lastKnownFileType = sourcecode.c.h; path = "UIImageView+HighlightedWebCache.h"; sourceTree = "<group>"; };
		A1E959C119EE6EB3006B68C2 /* UIImageView+HighlightedWebCache.m */ = {isa = PBXFileReference; fileEncoding = 4; lastKnownFileType = sourcecode.c.objc; path = "UIImageView+HighlightedWebCache.m"; sourceTree = "<group>"; };
		A1E959C219EE6EB3006B68C2 /* UIImageView+WebCache.h */ = {isa = PBXFileReference; fileEncoding = 4; lastKnownFileType = sourcecode.c.h; path = "UIImageView+WebCache.h"; sourceTree = "<group>"; };
		A1E959C319EE6EB3006B68C2 /* UIImageView+WebCache.m */ = {isa = PBXFileReference; fileEncoding = 4; lastKnownFileType = sourcecode.c.objc; path = "UIImageView+WebCache.m"; sourceTree = "<group>"; };
		A1E959C419EE6EB3006B68C2 /* UIView+WebCacheOperation.h */ = {isa = PBXFileReference; fileEncoding = 4; lastKnownFileType = sourcecode.c.h; path = "UIView+WebCacheOperation.h"; sourceTree = "<group>"; };
		A1E959C519EE6EB3006B68C2 /* UIView+WebCacheOperation.m */ = {isa = PBXFileReference; fileEncoding = 4; lastKnownFileType = sourcecode.c.objc; path = "UIView+WebCacheOperation.m"; sourceTree = "<group>"; };
		A1E959C919EE6EB3006B68C2 /* TMCache.h */ = {isa = PBXFileReference; fileEncoding = 4; lastKnownFileType = sourcecode.c.h; path = TMCache.h; sourceTree = "<group>"; };
		A1E959CA19EE6EB3006B68C2 /* TMCache.m */ = {isa = PBXFileReference; fileEncoding = 4; lastKnownFileType = sourcecode.c.objc; path = TMCache.m; sourceTree = "<group>"; };
		A1E959CB19EE6EB3006B68C2 /* TMDiskCache.h */ = {isa = PBXFileReference; fileEncoding = 4; lastKnownFileType = sourcecode.c.h; path = TMDiskCache.h; sourceTree = "<group>"; };
		A1E959CC19EE6EB3006B68C2 /* TMDiskCache.m */ = {isa = PBXFileReference; fileEncoding = 4; lastKnownFileType = sourcecode.c.objc; path = TMDiskCache.m; sourceTree = "<group>"; };
		A1E959CD19EE6EB3006B68C2 /* TMMemoryCache.h */ = {isa = PBXFileReference; fileEncoding = 4; lastKnownFileType = sourcecode.c.h; path = TMMemoryCache.h; sourceTree = "<group>"; };
		A1E959CE19EE6EB3006B68C2 /* TMMemoryCache.m */ = {isa = PBXFileReference; fileEncoding = 4; lastKnownFileType = sourcecode.c.objc; path = TMMemoryCache.m; sourceTree = "<group>"; };
		A1E95A1D19EE6F9E006B68C2 /* libz.dylib */ = {isa = PBXFileReference; lastKnownFileType = "compiled.mach-o.dylib"; name = libz.dylib; path = usr/lib/libz.dylib; sourceTree = SDKROOT; };
		A1E95A1F19EE6FA2006B68C2 /* libsqlite3.dylib */ = {isa = PBXFileReference; lastKnownFileType = "compiled.mach-o.dylib"; name = libsqlite3.dylib; path = usr/lib/libsqlite3.dylib; sourceTree = SDKROOT; };
		A1EF2E4819FB430C00F6B6AF /* QBaseNetOperationURLHeader.h */ = {isa = PBXFileReference; lastKnownFileType = sourcecode.c.h; path = QBaseNetOperationURLHeader.h; sourceTree = "<group>"; };
		A1FF97551A04B7C000F0845B /* QBaseViewControllerDelegate.h */ = {isa = PBXFileReference; lastKnownFileType = sourcecode.c.h; path = QBaseViewControllerDelegate.h; sourceTree = "<group>"; };
/* End PBXFileReference section */

/* Begin PBXFrameworksBuildPhase section */
		A1E958DC19EE6E9F006B68C2 /* Frameworks */ = {
			isa = PBXFrameworksBuildPhase;
			buildActionMask = 2147483647;
			files = (
				A1E95A2019EE6FA2006B68C2 /* libsqlite3.dylib in Frameworks */,
				A1E95A1E19EE6F9E006B68C2 /* libz.dylib in Frameworks */,
				A1E958E519EE6E9F006B68C2 /* CoreGraphics.framework in Frameworks */,
				A1E958E719EE6E9F006B68C2 /* UIKit.framework in Frameworks */,
				A1E958E319EE6E9F006B68C2 /* Foundation.framework in Frameworks */,
			);
			runOnlyForDeploymentPostprocessing = 0;
		};
		A1E958F719EE6E9F006B68C2 /* Frameworks */ = {
			isa = PBXFrameworksBuildPhase;
			buildActionMask = 2147483647;
			files = (
				A1E958FC19EE6E9F006B68C2 /* XCTest.framework in Frameworks */,
				A1E958FE19EE6E9F006B68C2 /* UIKit.framework in Frameworks */,
				A1E958FD19EE6E9F006B68C2 /* Foundation.framework in Frameworks */,
			);
			runOnlyForDeploymentPostprocessing = 0;
		};
/* End PBXFrameworksBuildPhase section */

/* Begin PBXGroup section */
		A103428119F27D9F0042EF1C /* fileManager */ = {
			isa = PBXGroup;
			children = (
				A103428219F27D9F0042EF1C /* QBaseFileManager.h */,
				A103428319F27D9F0042EF1C /* QBaseFileManager.m */,
			);
			path = fileManager;
			sourceTree = "<group>";
		};
		A103428419F27D9F0042EF1C /* ImageCache */ = {
			isa = PBXGroup;
			children = (
				A103428519F27D9F0042EF1C /* UIImageView+LoadImage.h */,
				A103428619F27D9F0042EF1C /* UIImageView+LoadImage.m */,
			);
			path = ImageCache;
			sourceTree = "<group>";
		};
		A103428A19F27D9F0042EF1C /* userInfo */ = {
			isa = PBXGroup;
			children = (
				A103428B19F27D9F0042EF1C /* QBaseUserInfo.h */,
				A103428C19F27D9F0042EF1C /* QBaseUserInfo.m */,
			);
			path = userInfo;
			sourceTree = "<group>";
		};
		A103429519F27F880042EF1C /* refreshTableView */ = {
			isa = PBXGroup;
			children = (
				A103429619F27F880042EF1C /* QBaseTableView.h */,
				A103429719F27F880042EF1C /* QBaseTableView.m */,
				A103429819F27F880042EF1C /* QBaseWaterDropRefreshTableView.h */,
				A103429919F27F880042EF1C /* QBaseWaterDropRefreshTableView.m */,
			);
			path = refreshTableView;
			sourceTree = "<group>";
		};
		A103429C19F27FB50042EF1C /* ODRefreshControl */ = {
			isa = PBXGroup;
			children = (
				A103429D19F27FB50042EF1C /* ODRefreshControl.h */,
				A103429E19F27FB50042EF1C /* ODRefreshControl.m */,
			);
			name = ODRefreshControl;
			path = QBaseFramework/vendor/ODRefreshControl;
			sourceTree = SOURCE_ROOT;
		};
		A106EEDE1A04E98100B4C470 /* category */ = {
			isa = PBXGroup;
			children = (
				A106EEE31A04EB2400B4C470 /* QBaseCategoryHeader.h */,
				A106EEEC1A04F04C00B4C470 /* NSString */,
				A106EEE81A04EBEA00B4C470 /* NSDictionary */,
				A106EEE41A04EBA000B4C470 /* NSDate */,
				A106EEDF1A04EB0B00B4C470 /* UIView */,
			);
			path = category;
			sourceTree = "<group>";
		};
		A106EEDF1A04EB0B00B4C470 /* UIView */ = {
			isa = PBXGroup;
			children = (
				A106EEE01A04EB0B00B4C470 /* UIView+DDAddition.h */,
				A106EEE11A04EB0B00B4C470 /* UIView+DDAddition.m */,
			);
			path = UIView;
			sourceTree = "<group>";
		};
		A106EEE41A04EBA000B4C470 /* NSDate */ = {
			isa = PBXGroup;
			children = (
				A106EEE51A04EBA000B4C470 /* NSDate+DDAddition.h */,
				A106EEE61A04EBA000B4C470 /* NSDate+DDAddition.m */,
			);
			path = NSDate;
			sourceTree = "<group>";
		};
		A106EEE81A04EBEA00B4C470 /* NSDictionary */ = {
			isa = PBXGroup;
			children = (
				A106EEE91A04EBEA00B4C470 /* NSDictionary+Safe.h */,
				A106EEEA1A04EBEA00B4C470 /* NSDictionary+Safe.m */,
			);
			path = NSDictionary;
			sourceTree = "<group>";
		};
		A106EEEC1A04F04C00B4C470 /* NSString */ = {
			isa = PBXGroup;
			children = (
				A106EEED1A04F04C00B4C470 /* NSString+Additions.h */,
				A106EEEE1A04F04C00B4C470 /* NSString+Additions.m */,
			);
			path = NSString;
			sourceTree = "<group>";
		};
		A106EEF41A071C7A00B4C470 /* demo_class */ = {
			isa = PBXGroup;
			children = (
				A106EEF51A071C7A00B4C470 /* QBaseDemoViewController.h */,
				A106EEF61A071C7A00B4C470 /* QBaseDemoViewController.m */,
				A106EEF71A071C7A00B4C470 /* QBaseRefreshViewController.h */,
				A106EEF81A071C7A00B4C470 /* QBaseRefreshViewController.m */,
				A106EEFB1A071D2E00B4C470 /* QBaseDemoTableView.h */,
				A106EEFC1A071D2E00B4C470 /* QBaseDemoTableView.m */,
			);
			path = demo_class;
			sourceTree = "<group>";
		};
		A106EF031A07257700B4C470 /* headerScrollView */ = {
			isa = PBXGroup;
			children = (
				A106EF041A0725BA00B4C470 /* QBaseScrollView.h */,
				A106EF051A0725BA00B4C470 /* QBaseScrollView.m */,
				A106EF071A0725D700B4C470 /* QBaseAnimateScrollView.h */,
				A106EF081A0725D700B4C470 /* QBaseAnimateScrollView.m */,
				A106EF0A1A07275A00B4C470 /* QBaseAnimateScrollViewElement.h */,
				A106EF0B1A07275A00B4C470 /* QBaseAnimateScrollViewElement.m */,
			);
			name = headerScrollView;
			path = headerScrollerView;
			sourceTree = "<group>";
		};
		A1457A8419F4E83B001185D9 /* locationGeocoder */ = {
			isa = PBXGroup;
			children = (
				A1457A8A19F4E83B001185D9 /* QBaseLocationGeocoder.h */,
				A1457A8B19F4E83B001185D9 /* QBaseLocationGeocoder.m */,
			);
			path = locationGeocoder;
			sourceTree = "<group>";
		};
		A1457A8F19F4E873001185D9 /* FCCurrentLocationGeocoder */ = {
			isa = PBXGroup;
			children = (
				A1457A9019F4E873001185D9 /* FCCurrentLocationGeocoder.h */,
				A1457A9119F4E873001185D9 /* FCCurrentLocationGeocoder.m */,
				A1457A9219F4E873001185D9 /* FCIPAddressGeocoder.h */,
				A1457A9319F4E873001185D9 /* FCIPAddressGeocoder.m */,
			);
			path = FCCurrentLocationGeocoder;
			sourceTree = "<group>";
		};
		A1E958D619EE6E9F006B68C2 = {
			isa = PBXGroup;
			children = (
				A106EEDC1A04CDBA00B4C470 /* 1.png */,
				A1E9591119EE6EB3006B68C2 /* QBaseFramework */,
				A1E958E819EE6E9F006B68C2 /* QBaseFrameworkDemo */,
				A1E9590119EE6E9F006B68C2 /* QBaseFrameworkDemoTests */,
				A1E958E119EE6E9F006B68C2 /* Frameworks */,
				A1E958E019EE6E9F006B68C2 /* Products */,
			);
			sourceTree = "<group>";
		};
		A1E958E019EE6E9F006B68C2 /* Products */ = {
			isa = PBXGroup;
			children = (
				A1E958DF19EE6E9F006B68C2 /* QBaseFrameworkDemo.app */,
				A1E958FA19EE6E9F006B68C2 /* QBaseFrameworkDemoTests.xctest */,
			);
			name = Products;
			sourceTree = "<group>";
		};
		A1E958E119EE6E9F006B68C2 /* Frameworks */ = {
			isa = PBXGroup;
			children = (
				A1E95A1F19EE6FA2006B68C2 /* libsqlite3.dylib */,
				A1E95A1D19EE6F9E006B68C2 /* libz.dylib */,
				A1E958E219EE6E9F006B68C2 /* Foundation.framework */,
				A1E958E419EE6E9F006B68C2 /* CoreGraphics.framework */,
				A1E958E619EE6E9F006B68C2 /* UIKit.framework */,
				A1E958FB19EE6E9F006B68C2 /* XCTest.framework */,
			);
			name = Frameworks;
			sourceTree = "<group>";
		};
		A1E958E819EE6E9F006B68C2 /* QBaseFrameworkDemo */ = {
			isa = PBXGroup;
			children = (
				A1E958F119EE6E9F006B68C2 /* QBaseAppDelegate.h */,
				A1E958F219EE6E9F006B68C2 /* QBaseAppDelegate.m */,
				A106EF011A07223C00B4C470 /* VC.plist */,
				A106EEFE1A071E9C00B4C470 /* QBaseListViewController.h */,
				A106EEFF1A071E9C00B4C470 /* QBaseListViewController.m */,
				A106EEF41A071C7A00B4C470 /* demo_class */,
				A1E958F419EE6E9F006B68C2 /* Images.xcassets */,
				A1E958E919EE6E9F006B68C2 /* Supporting Files */,
			);
			path = QBaseFrameworkDemo;
			sourceTree = "<group>";
		};
		A1E958E919EE6E9F006B68C2 /* Supporting Files */ = {
			isa = PBXGroup;
			children = (
				A1E958EA19EE6E9F006B68C2 /* QBaseFrameworkDemo-Info.plist */,
				A1E958EB19EE6E9F006B68C2 /* InfoPlist.strings */,
				A1E958EE19EE6E9F006B68C2 /* main.m */,
				A1E958F019EE6E9F006B68C2 /* QBaseFrameworkDemo-Prefix.pch */,
			);
			name = "Supporting Files";
			sourceTree = "<group>";
		};
		A1E9590119EE6E9F006B68C2 /* QBaseFrameworkDemoTests */ = {
			isa = PBXGroup;
			children = (
				A1E9590719EE6E9F006B68C2 /* QBaseFrameworkDemoTests.m */,
				A1E9590219EE6E9F006B68C2 /* Supporting Files */,
			);
			path = QBaseFrameworkDemoTests;
			sourceTree = "<group>";
		};
		A1E9590219EE6E9F006B68C2 /* Supporting Files */ = {
			isa = PBXGroup;
			children = (
				A1E9590319EE6E9F006B68C2 /* QBaseFrameworkDemoTests-Info.plist */,
				A1E9590419EE6E9F006B68C2 /* InfoPlist.strings */,
			);
			name = "Supporting Files";
			sourceTree = "<group>";
		};
		A1E9591119EE6EB3006B68C2 /* QBaseFramework */ = {
			isa = PBXGroup;
			children = (
				A1E9592019EE6EB3006B68C2 /* QBaseFramework.h */,
				A1E9592119EE6EB3006B68C2 /* QBasePrecompile.h */,
				A1E9592219EE6EB3006B68C2 /* QBaseVendor.h */,
				A1E9591219EE6EB3006B68C2 /* cli */,
				A1E9591319EE6EB3006B68C2 /* mvc */,
				A1E9591F19EE6EB3006B68C2 /* project */,
				A1E9592319EE6EB3006B68C2 /* system */,
				A1E9594019EE6EB3006B68C2 /* vendor */,
			);
			path = QBaseFramework;
			sourceTree = "<group>";
		};
		A1E9591219EE6EB3006B68C2 /* cli */ = {
			isa = PBXGroup;
			children = (
			);
			path = cli;
			sourceTree = "<group>";
		};
		A1E9591319EE6EB3006B68C2 /* mvc */ = {
			isa = PBXGroup;
			children = (
				A1E9591419EE6EB3006B68C2 /* controller */,
				A1E9591A19EE6EB3006B68C2 /* model */,
				A1E9591D19EE6EB3006B68C2 /* QBaseMVC.h */,
				A1E9591E19EE6EB3006B68C2 /* view */,
			);
			path = mvc;
			sourceTree = "<group>";
		};
		A1E9591419EE6EB3006B68C2 /* controller */ = {
			isa = PBXGroup;
			children = (
				A1E9591519EE6EB3006B68C2 /* extension */,
				A1E9591819EE6EB3006B68C2 /* QBaseViewController.h */,
				A1E9591919EE6EB3006B68C2 /* QBaseViewController.m */,
				A1FF97551A04B7C000F0845B /* QBaseViewControllerDelegate.h */,
			);
			path = controller;
			sourceTree = "<group>";
		};
		A1E9591519EE6EB3006B68C2 /* extension */ = {
			isa = PBXGroup;
			children = (
				A1457A8119F4E78A001185D9 /* QBaseViewController+LocationGeocoder.h */,
				A1457A8219F4E78A001185D9 /* QBaseViewController+LocationGeocoder.m */,
				A103429219F27E4F0042EF1C /* QBaseViewController+Photo.h */,
				A103429319F27E4F0042EF1C /* QBaseViewController+Photo.m */,
				A1E9591619EE6EB3006B68C2 /* QBaseViewController+KeyBoardObserver.h */,
				A1E9591719EE6EB3006B68C2 /* QBaseViewController+KeyBoardObserver.m */,
			);
			path = extension;
			sourceTree = "<group>";
		};
		A1E9591A19EE6EB3006B68C2 /* model */ = {
			isa = PBXGroup;
			children = (
				A1E9591B19EE6EB3006B68C2 /* QBaseModel.h */,
				A1E9591C19EE6EB3006B68C2 /* QBaseModel.m */,
			);
			path = model;
			sourceTree = "<group>";
		};
		A1E9591E19EE6EB3006B68C2 /* view */ = {
			isa = PBXGroup;
			children = (
				A106EF0D1A0729A200B4C470 /* QBaseView.h */,
				A106EF0E1A0729A200B4C470 /* QBaseView.m */,
				A106EF031A07257700B4C470 /* headerScrollView */,
				A103429519F27F880042EF1C /* refreshTableView */,
			);
			path = view;
			sourceTree = "<group>";
		};
		A1E9591F19EE6EB3006B68C2 /* project */ = {
			isa = PBXGroup;
			children = (
			);
			path = project;
			sourceTree = "<group>";
		};
		A1E9592319EE6EB3006B68C2 /* system */ = {
			isa = PBXGroup;
			children = (
				A1E9593E19EE6EB3006B68C2 /* QBaseSystem.h */,
				A106EEDE1A04E98100B4C470 /* category */,
				A103429C19F27FB50042EF1C /* ODRefreshControl */,
				A1E9592419EE6EB3006B68C2 /* cache */,
				A1E9592619EE6EB3006B68C2 /* database */,
				A1E9592B19EE6EB3006B68C2 /* http */,
				A1E9593F19EE6EB3006B68C2 /* utils */,
			);
			path = system;
			sourceTree = "<group>";
		};
		A1E9592419EE6EB3006B68C2 /* cache */ = {
			isa = PBXGroup;
			children = (
				A1E9592519EE6EB3006B68C2 /* QBaseCache.h */,
			);
			path = cache;
			sourceTree = "<group>";
		};
		A1E9592619EE6EB3006B68C2 /* database */ = {
			isa = PBXGroup;
			children = (
				A1E9592719EE6EB3006B68C2 /* QBaseDatabase.h */,
				A1E9592819EE6EB3006B68C2 /* QBaseDatabase.m */,
				A1E9592919EE6EB3006B68C2 /* QBaseSqlHanldler.h */,
				A1E9592A19EE6EB3006B68C2 /* QBaseSqlHanldler.m */,
			);
			path = database;
			sourceTree = "<group>";
		};
		A1E9592B19EE6EB3006B68C2 /* http */ = {
			isa = PBXGroup;
			children = (
				A1E9592C19EE6EB3006B68C2 /* QBaseHttp.h */,
				A1E9592D19EE6EB3006B68C2 /* QBaseNetOperation */,
				A1E9593519EE6EB3006B68C2 /* QBaseNetworkObserver */,
				A1E9593B19EE6EB3006B68C2 /* QBaseRequest */,
			);
			path = http;
			sourceTree = "<group>";
		};
		A1E9592D19EE6EB3006B68C2 /* QBaseNetOperation */ = {
			isa = PBXGroup;
			children = (
				A1E9592E19EE6EB3006B68C2 /* helper */,
				A1E9593319EE6EB3006B68C2 /* QBaseNetOperation.h */,
				A1E9593419EE6EB3006B68C2 /* QBaseNetOperation.m */,
				A1EF2E4819FB430C00F6B6AF /* QBaseNetOperationURLHeader.h */,
			);
			path = QBaseNetOperation;
			sourceTree = "<group>";
		};
		A1E9592E19EE6EB3006B68C2 /* helper */ = {
			isa = PBXGroup;
			children = (
				A1E9592F19EE6EB3006B68C2 /* NSDictionary+OperationURL.h */,
				A1E9593019EE6EB3006B68C2 /* NSDictionary+OperationURL.m */,
				A1E9593119EE6EB3006B68C2 /* NSString+ArchiveCache.h */,
				A1E9593219EE6EB3006B68C2 /* NSString+ArchiveCache.m */,
			);
			path = helper;
			sourceTree = "<group>";
		};
		A1E9593519EE6EB3006B68C2 /* QBaseNetworkObserver */ = {
			isa = PBXGroup;
			children = (
				A1E9593619EE6EB3006B68C2 /* extension */,
				A1E9593919EE6EB3006B68C2 /* QBaseNetworkObserver.h */,
				A1E9593A19EE6EB3006B68C2 /* QBaseNetworkObserver.m */,
			);
			path = QBaseNetworkObserver;
			sourceTree = "<group>";
		};
		A1E9593619EE6EB3006B68C2 /* extension */ = {
			isa = PBXGroup;
			children = (
				A1E9593719EE6EB3006B68C2 /* NSObject+QBaseNetworkObserver.h */,
				A1E9593819EE6EB3006B68C2 /* NSObject+QBaseNetworkObserver.m */,
			);
			path = extension;
			sourceTree = "<group>";
		};
		A1E9593B19EE6EB3006B68C2 /* QBaseRequest */ = {
			isa = PBXGroup;
			children = (
				A1E9593C19EE6EB3006B68C2 /* QBaseRequest.h */,
				A1E9593D19EE6EB3006B68C2 /* QBaseRequest.m */,
			);
			path = QBaseRequest;
			sourceTree = "<group>";
		};
		A1E9593F19EE6EB3006B68C2 /* utils */ = {
			isa = PBXGroup;
			children = (
				A103429119F27DBB0042EF1C /* QBaseUtils.h */,
				A1457A8419F4E83B001185D9 /* locationGeocoder */,
				A103428119F27D9F0042EF1C /* fileManager */,
				A103428419F27D9F0042EF1C /* ImageCache */,
				A103428A19F27D9F0042EF1C /* userInfo */,
			);
			path = utils;
			sourceTree = "<group>";
		};
		A1E9594019EE6EB3006B68C2 /* vendor */ = {
			isa = PBXGroup;
			children = (
				A1457A8F19F4E873001185D9 /* FCCurrentLocationGeocoder */,
				A1E9594119EE6EB3006B68C2 /* AFNetworking */,
				A1E9595819EE6EB3006B68C2 /* EGOCache */,
				A1E9595B19EE6EB3006B68C2 /* FastImageCache */,
				A1E9596C19EE6EB3006B68C2 /* FLAnimatedImage */,
				A1E9597219EE6EB3006B68C2 /* fmdb */,
				A1E9598019EE6EB3006B68C2 /* JSONKit */,
				A1E9598319EE6EB3006B68C2 /* JSONModel */,
				A1E9599E19EE6EB3006B68C2 /* Reachability */,
				A1E959A219EE6EB3006B68C2 /* SDWebImage */,
				A1E959C619EE6EB3006B68C2 /* TMCache */,
			);
			path = vendor;
			sourceTree = "<group>";
		};
		A1E9594119EE6EB3006B68C2 /* AFNetworking */ = {
			isa = PBXGroup;
			children = (
				A1E9594519EE6EB3006B68C2 /* AFHTTPRequestOperation.h */,
				A1E9594619EE6EB3006B68C2 /* AFHTTPRequestOperation.m */,
				A1E9594719EE6EB3006B68C2 /* AFHTTPRequestOperationManager.h */,
				A1E9594819EE6EB3006B68C2 /* AFHTTPRequestOperationManager.m */,
				A1E9594919EE6EB3006B68C2 /* AFHTTPSessionManager.h */,
				A1E9594A19EE6EB3006B68C2 /* AFHTTPSessionManager.m */,
				A1E9594B19EE6EB3006B68C2 /* AFNetworking.h */,
				A1E9594C19EE6EB3006B68C2 /* AFNetworkReachabilityManager.h */,
				A1E9594D19EE6EB3006B68C2 /* AFNetworkReachabilityManager.m */,
				A1E9594E19EE6EB3006B68C2 /* AFSecurityPolicy.h */,
				A1E9594F19EE6EB3006B68C2 /* AFSecurityPolicy.m */,
				A1E9595019EE6EB3006B68C2 /* AFURLConnectionOperation.h */,
				A1E9595119EE6EB3006B68C2 /* AFURLConnectionOperation.m */,
				A1E9595219EE6EB3006B68C2 /* AFURLRequestSerialization.h */,
				A1E9595319EE6EB3006B68C2 /* AFURLRequestSerialization.m */,
				A1E9595419EE6EB3006B68C2 /* AFURLResponseSerialization.h */,
				A1E9595519EE6EB3006B68C2 /* AFURLResponseSerialization.m */,
				A1E9595619EE6EB3006B68C2 /* AFURLSessionManager.h */,
				A1E9595719EE6EB3006B68C2 /* AFURLSessionManager.m */,
			);
			path = AFNetworking;
			sourceTree = "<group>";
		};
		A1E9595819EE6EB3006B68C2 /* EGOCache */ = {
			isa = PBXGroup;
			children = (
				A1E9595919EE6EB3006B68C2 /* EGOCache.h */,
				A1E9595A19EE6EB3006B68C2 /* EGOCache.m */,
			);
			path = EGOCache;
			sourceTree = "<group>";
		};
		A1E9595B19EE6EB3006B68C2 /* FastImageCache */ = {
			isa = PBXGroup;
			children = (
				A1E9595D19EE6EB3006B68C2 /* FICEntity.h */,
				A1E9595E19EE6EB3006B68C2 /* FICImageCache+FICErrorLogging.h */,
				A1E9595F19EE6EB3006B68C2 /* FICImageCache.h */,
				A1E9596019EE6EB3006B68C2 /* FICImageCache.m */,
				A1E9596119EE6EB3006B68C2 /* FICImageFormat.h */,
				A1E9596219EE6EB3006B68C2 /* FICImageFormat.m */,
				A1E9596319EE6EB3006B68C2 /* FICImageTable.h */,
				A1E9596419EE6EB3006B68C2 /* FICImageTable.m */,
				A1E9596519EE6EB3006B68C2 /* FICImageTableChunk.h */,
				A1E9596619EE6EB3006B68C2 /* FICImageTableChunk.m */,
				A1E9596719EE6EB3006B68C2 /* FICImageTableEntry.h */,
				A1E9596819EE6EB3006B68C2 /* FICImageTableEntry.m */,
				A1E9596919EE6EB3006B68C2 /* FICImports.h */,
				A1E9596A19EE6EB3006B68C2 /* FICUtilities.h */,
				A1E9596B19EE6EB3006B68C2 /* FICUtilities.m */,
			);
			path = FastImageCache;
			sourceTree = "<group>";
		};
		A1E9596C19EE6EB3006B68C2 /* FLAnimatedImage */ = {
			isa = PBXGroup;
			children = (
				A1E9596E19EE6EB3006B68C2 /* FLAnimatedImage.h */,
				A1E9596F19EE6EB3006B68C2 /* FLAnimatedImage.m */,
				A1E9597019EE6EB3006B68C2 /* FLAnimatedImageView.h */,
				A1E9597119EE6EB3006B68C2 /* FLAnimatedImageView.m */,
			);
			path = FLAnimatedImage;
			sourceTree = "<group>";
		};
		A1E9597219EE6EB3006B68C2 /* fmdb */ = {
			isa = PBXGroup;
			children = (
				A1E9597519EE6EB3006B68C2 /* FMDatabase.h */,
				A1E9597619EE6EB3006B68C2 /* FMDatabase.m */,
				A1E9597719EE6EB3006B68C2 /* FMDatabaseAdditions.h */,
				A1E9597819EE6EB3006B68C2 /* FMDatabaseAdditions.m */,
				A1E9597919EE6EB3006B68C2 /* FMDatabasePool.h */,
				A1E9597A19EE6EB3006B68C2 /* FMDatabasePool.m */,
				A1E9597B19EE6EB3006B68C2 /* FMDatabaseQueue.h */,
				A1E9597C19EE6EB3006B68C2 /* FMDatabaseQueue.m */,
				A1E9597D19EE6EB3006B68C2 /* FMDB.h */,
				A1E9597E19EE6EB3006B68C2 /* FMResultSet.h */,
				A1E9597F19EE6EB3006B68C2 /* FMResultSet.m */,
			);
			path = fmdb;
			sourceTree = "<group>";
		};
		A1E9598019EE6EB3006B68C2 /* JSONKit */ = {
			isa = PBXGroup;
			children = (
				A1E9598119EE6EB3006B68C2 /* JSONKit.h */,
				A1E9598219EE6EB3006B68C2 /* JSONKit.m */,
			);
			path = JSONKit;
			sourceTree = "<group>";
		};
		A1E9598319EE6EB3006B68C2 /* JSONModel */ = {
			isa = PBXGroup;
			children = (
				A1E9598519EE6EB3006B68C2 /* JSONModel */,
				A1E9598E19EE6EB3006B68C2 /* JSONModelCategories */,
				A1E9599119EE6EB3006B68C2 /* JSONModelLib.h */,
				A1E9599219EE6EB3006B68C2 /* JSONModelNetworking */,
				A1E9599919EE6EB3006B68C2 /* JSONModelTransformations */,
			);
			path = JSONModel;
			sourceTree = "<group>";
		};
		A1E9598519EE6EB3006B68C2 /* JSONModel */ = {
			isa = PBXGroup;
			children = (
				A1E9598619EE6EB3006B68C2 /* JSONModel.h */,
				A1E9598719EE6EB3006B68C2 /* JSONModel.m */,
				A1E9598819EE6EB3006B68C2 /* JSONModelArray.h */,
				A1E9598919EE6EB3006B68C2 /* JSONModelArray.m */,
				A1E9598A19EE6EB3006B68C2 /* JSONModelClassProperty.h */,
				A1E9598B19EE6EB3006B68C2 /* JSONModelClassProperty.m */,
				A1E9598C19EE6EB3006B68C2 /* JSONModelError.h */,
				A1E9598D19EE6EB3006B68C2 /* JSONModelError.m */,
			);
			path = JSONModel;
			sourceTree = "<group>";
		};
		A1E9598E19EE6EB3006B68C2 /* JSONModelCategories */ = {
			isa = PBXGroup;
			children = (
				A1E9598F19EE6EB3006B68C2 /* NSArray+JSONModel.h */,
				A1E9599019EE6EB3006B68C2 /* NSArray+JSONModel.m */,
			);
			path = JSONModelCategories;
			sourceTree = "<group>";
		};
		A1E9599219EE6EB3006B68C2 /* JSONModelNetworking */ = {
			isa = PBXGroup;
			children = (
				A1E9599319EE6EB3006B68C2 /* JSONAPI.h */,
				A1E9599419EE6EB3006B68C2 /* JSONAPI.m */,
				A1E9599519EE6EB3006B68C2 /* JSONHTTPClient.h */,
				A1E9599619EE6EB3006B68C2 /* JSONHTTPClient.m */,
				A1E9599719EE6EB3006B68C2 /* JSONModel+networking.h */,
				A1E9599819EE6EB3006B68C2 /* JSONModel+networking.m */,
			);
			path = JSONModelNetworking;
			sourceTree = "<group>";
		};
		A1E9599919EE6EB3006B68C2 /* JSONModelTransformations */ = {
			isa = PBXGroup;
			children = (
				A1E9599A19EE6EB3006B68C2 /* JSONKeyMapper.h */,
				A1E9599B19EE6EB3006B68C2 /* JSONKeyMapper.m */,
				A1E9599C19EE6EB3006B68C2 /* JSONValueTransformer.h */,
				A1E9599D19EE6EB3006B68C2 /* JSONValueTransformer.m */,
			);
			path = JSONModelTransformations;
			sourceTree = "<group>";
		};
		A1E9599E19EE6EB3006B68C2 /* Reachability */ = {
			isa = PBXGroup;
			children = (
				A1E959A019EE6EB3006B68C2 /* Reachability.h */,
				A1E959A119EE6EB3006B68C2 /* Reachability.m */,
			);
			path = Reachability;
			sourceTree = "<group>";
		};
		A1E959A219EE6EB3006B68C2 /* SDWebImage */ = {
			isa = PBXGroup;
			children = (
				A1E959A519EE6EB3006B68C2 /* MKAnnotationView+WebCache.h */,
				A1E959A619EE6EB3006B68C2 /* MKAnnotationView+WebCache.m */,
				A1E959A719EE6EB3006B68C2 /* NSData+ImageContentType.h */,
				A1E959A819EE6EB3006B68C2 /* NSData+ImageContentType.m */,
				A1E959A919EE6EB3006B68C2 /* SDImageCache.h */,
				A1E959AA19EE6EB3006B68C2 /* SDImageCache.m */,
				A1E959AB19EE6EB3006B68C2 /* SDWebImageCompat.h */,
				A1E959AC19EE6EB3006B68C2 /* SDWebImageCompat.m */,
				A1E959AD19EE6EB3006B68C2 /* SDWebImageDecoder.h */,
				A1E959AE19EE6EB3006B68C2 /* SDWebImageDecoder.m */,
				A1E959AF19EE6EB3006B68C2 /* SDWebImageDownloader.h */,
				A1E959B019EE6EB3006B68C2 /* SDWebImageDownloader.m */,
				A1E959B119EE6EB3006B68C2 /* SDWebImageDownloaderOperation.h */,
				A1E959B219EE6EB3006B68C2 /* SDWebImageDownloaderOperation.m */,
				A1E959B319EE6EB3006B68C2 /* SDWebImageManager.h */,
				A1E959B419EE6EB3006B68C2 /* SDWebImageManager.m */,
				A1E959B519EE6EB3006B68C2 /* SDWebImageOperation.h */,
				A1E959B619EE6EB3006B68C2 /* SDWebImagePrefetcher.h */,
				A1E959B719EE6EB3006B68C2 /* SDWebImagePrefetcher.m */,
				A1E959B819EE6EB3006B68C2 /* UIButton+WebCache.h */,
				A1E959B919EE6EB3006B68C2 /* UIButton+WebCache.m */,
				A1E959BA19EE6EB3006B68C2 /* UIImage+GIF.h */,
				A1E959BB19EE6EB3006B68C2 /* UIImage+GIF.m */,
				A1E959BC19EE6EB3006B68C2 /* UIImage+MultiFormat.h */,
				A1E959BD19EE6EB3006B68C2 /* UIImage+MultiFormat.m */,
				A1E959BE19EE6EB3006B68C2 /* UIImage+WebP.h */,
				A1E959BF19EE6EB3006B68C2 /* UIImage+WebP.m */,
				A1E959C019EE6EB3006B68C2 /* UIImageView+HighlightedWebCache.h */,
				A1E959C119EE6EB3006B68C2 /* UIImageView+HighlightedWebCache.m */,
				A1E959C219EE6EB3006B68C2 /* UIImageView+WebCache.h */,
				A1E959C319EE6EB3006B68C2 /* UIImageView+WebCache.m */,
				A1E959C419EE6EB3006B68C2 /* UIView+WebCacheOperation.h */,
				A1E959C519EE6EB3006B68C2 /* UIView+WebCacheOperation.m */,
			);
			path = SDWebImage;
			sourceTree = "<group>";
		};
		A1E959C619EE6EB3006B68C2 /* TMCache */ = {
			isa = PBXGroup;
			children = (
				A1E959C919EE6EB3006B68C2 /* TMCache.h */,
				A1E959CA19EE6EB3006B68C2 /* TMCache.m */,
				A1E959CB19EE6EB3006B68C2 /* TMDiskCache.h */,
				A1E959CC19EE6EB3006B68C2 /* TMDiskCache.m */,
				A1E959CD19EE6EB3006B68C2 /* TMMemoryCache.h */,
				A1E959CE19EE6EB3006B68C2 /* TMMemoryCache.m */,
			);
			path = TMCache;
			sourceTree = "<group>";
		};
/* End PBXGroup section */

/* Begin PBXNativeTarget section */
		A1E958DE19EE6E9F006B68C2 /* QBaseFrameworkDemo */ = {
			isa = PBXNativeTarget;
			buildConfigurationList = A1E9590B19EE6E9F006B68C2 /* Build configuration list for PBXNativeTarget "QBaseFrameworkDemo" */;
			buildPhases = (
				A1E958DB19EE6E9F006B68C2 /* Sources */,
				A1E958DC19EE6E9F006B68C2 /* Frameworks */,
				A1E958DD19EE6E9F006B68C2 /* Resources */,
			);
			buildRules = (
			);
			dependencies = (
			);
			name = QBaseFrameworkDemo;
			productName = QBaseFrameworkDemo;
			productReference = A1E958DF19EE6E9F006B68C2 /* QBaseFrameworkDemo.app */;
			productType = "com.apple.product-type.application";
		};
		A1E958F919EE6E9F006B68C2 /* QBaseFrameworkDemoTests */ = {
			isa = PBXNativeTarget;
			buildConfigurationList = A1E9590E19EE6E9F006B68C2 /* Build configuration list for PBXNativeTarget "QBaseFrameworkDemoTests" */;
			buildPhases = (
				A1E958F619EE6E9F006B68C2 /* Sources */,
				A1E958F719EE6E9F006B68C2 /* Frameworks */,
				A1E958F819EE6E9F006B68C2 /* Resources */,
			);
			buildRules = (
			);
			dependencies = (
				A1E9590019EE6E9F006B68C2 /* PBXTargetDependency */,
			);
			name = QBaseFrameworkDemoTests;
			productName = QBaseFrameworkDemoTests;
			productReference = A1E958FA19EE6E9F006B68C2 /* QBaseFrameworkDemoTests.xctest */;
			productType = "com.apple.product-type.bundle.unit-test";
		};
/* End PBXNativeTarget section */

/* Begin PBXProject section */
		A1E958D719EE6E9F006B68C2 /* Project object */ = {
			isa = PBXProject;
			attributes = {
				CLASSPREFIX = QBase;
				LastUpgradeCheck = 0510;
				ORGANIZATIONNAME = "Andy Jin";
				TargetAttributes = {
					A1E958F919EE6E9F006B68C2 = {
						TestTargetID = A1E958DE19EE6E9F006B68C2;
					};
				};
			};
			buildConfigurationList = A1E958DA19EE6E9F006B68C2 /* Build configuration list for PBXProject "QBaseFrameworkDemo" */;
			compatibilityVersion = "Xcode 3.2";
			developmentRegion = English;
			hasScannedForEncodings = 0;
			knownRegions = (
				en,
			);
			mainGroup = A1E958D619EE6E9F006B68C2;
			productRefGroup = A1E958E019EE6E9F006B68C2 /* Products */;
			projectDirPath = "";
			projectRoot = "";
			targets = (
				A1E958DE19EE6E9F006B68C2 /* QBaseFrameworkDemo */,
				A1E958F919EE6E9F006B68C2 /* QBaseFrameworkDemoTests */,
			);
		};
/* End PBXProject section */

/* Begin PBXResourcesBuildPhase section */
		A1E958DD19EE6E9F006B68C2 /* Resources */ = {
			isa = PBXResourcesBuildPhase;
			buildActionMask = 2147483647;
			files = (
				A106EEDD1A04CDBA00B4C470 /* 1.png in Resources */,
				A1E958ED19EE6E9F006B68C2 /* InfoPlist.strings in Resources */,
				A1E958F519EE6E9F006B68C2 /* Images.xcassets in Resources */,
				A106EF021A07223C00B4C470 /* VC.plist in Resources */,
			);
			runOnlyForDeploymentPostprocessing = 0;
		};
		A1E958F819EE6E9F006B68C2 /* Resources */ = {
			isa = PBXResourcesBuildPhase;
			buildActionMask = 2147483647;
			files = (
				A1E9590619EE6E9F006B68C2 /* InfoPlist.strings in Resources */,
			);
			runOnlyForDeploymentPostprocessing = 0;
		};
/* End PBXResourcesBuildPhase section */

/* Begin PBXSourcesBuildPhase section */
		A1E958DB19EE6E9F006B68C2 /* Sources */ = {
			isa = PBXSourcesBuildPhase;
			buildActionMask = 2147483647;
			files = (
				A1E958EF19EE6E9F006B68C2 /* main.m in Sources */,
				A1E95A0F19EE6EB3006B68C2 /* SDWebImageManager.m in Sources */,
				A1E959EA19EE6EB3006B68C2 /* FICImageTable.m in Sources */,
				A1E95A1019EE6EB3006B68C2 /* SDWebImagePrefetcher.m in Sources */,
				A106EF061A0725BA00B4C470 /* QBaseScrollView.m in Sources */,
				A1E959EF19EE6EB3006B68C2 /* FLAnimatedImage.m in Sources */,
				A106EEFD1A071D2E00B4C470 /* QBaseDemoTableView.m in Sources */,
				A1E95A1419EE6EB3006B68C2 /* UIImage+WebP.m in Sources */,
				A1E959EC19EE6EB3006B68C2 /* FICImageTableEntry.m in Sources */,
				A1E95A0819EE6EB3006B68C2 /* MKAnnotationView+WebCache.m in Sources */,
				A1E95A1B19EE6EB3006B68C2 /* TMDiskCache.m in Sources */,
				A1457A8E19F4E83B001185D9 /* QBaseLocationGeocoder.m in Sources */,
				A1E95A0319EE6EB3006B68C2 /* JSONValueTransformer.m in Sources */,
				A1E95A0219EE6EB3006B68C2 /* JSONKeyMapper.m in Sources */,
				A1E958F319EE6E9F006B68C2 /* QBaseAppDelegate.m in Sources */,
				A1E959F819EE6EB3006B68C2 /* JSONKit.m in Sources */,
				A1E95A1C19EE6EB3006B68C2 /* TMMemoryCache.m in Sources */,
				A1E959E619EE6EB3006B68C2 /* EGOCache.m in Sources */,
				A1E95A0D19EE6EB3006B68C2 /* SDWebImageDownloader.m in Sources */,
				A1E95A0E19EE6EB3006B68C2 /* SDWebImageDownloaderOperation.m in Sources */,
				A1E95A1A19EE6EB3006B68C2 /* TMCache.m in Sources */,
				A1E95A1219EE6EB3006B68C2 /* UIImage+GIF.m in Sources */,
				A1E959F719EE6EB3006B68C2 /* FMResultSet.m in Sources */,
				A1E95A0519EE6EB3006B68C2 /* Reachability.m in Sources */,
				A106EF091A0725D700B4C470 /* QBaseAnimateScrollView.m in Sources */,
				A106EEE21A04EB0B00B4C470 /* UIView+DDAddition.m in Sources */,
				A1E959E819EE6EB3006B68C2 /* FICImageCache.m in Sources */,
				A1E959DE19EE6EB3006B68C2 /* AFHTTPRequestOperationManager.m in Sources */,
				A1E959CF19EE6EB3006B68C2 /* QBaseViewController+KeyBoardObserver.m in Sources */,
				A1E959FA19EE6EB3006B68C2 /* JSONModel.m in Sources */,
				A1E959FB19EE6EB3006B68C2 /* JSONModelArray.m in Sources */,
				A106EF0F1A0729A200B4C470 /* QBaseView.m in Sources */,
				A1E95A0B19EE6EB3006B68C2 /* SDWebImageCompat.m in Sources */,
				A1457A9519F4E873001185D9 /* FCIPAddressGeocoder.m in Sources */,
				A106EEEB1A04EBEA00B4C470 /* NSDictionary+Safe.m in Sources */,
				A1E959E219EE6EB3006B68C2 /* AFURLConnectionOperation.m in Sources */,
				A1E959F619EE6EB3006B68C2 /* FMDatabaseQueue.m in Sources */,
				A1E959F019EE6EB3006B68C2 /* FLAnimatedImageView.m in Sources */,
				A1E95A0919EE6EB3006B68C2 /* NSData+ImageContentType.m in Sources */,
				A1E95A1519EE6EB3006B68C2 /* UIImageView+HighlightedWebCache.m in Sources */,
				A1E959FF19EE6EB3006B68C2 /* JSONAPI.m in Sources */,
				A1E95A1119EE6EB3006B68C2 /* UIButton+WebCache.m in Sources */,
				A106EEF91A071C7A00B4C470 /* QBaseDemoViewController.m in Sources */,
				A1E959D219EE6EB3006B68C2 /* QBaseDatabase.m in Sources */,
				A1E95A1619EE6EB3006B68C2 /* UIImageView+WebCache.m in Sources */,
				A1E959FC19EE6EB3006B68C2 /* JSONModelClassProperty.m in Sources */,
				A1E959D519EE6EB3006B68C2 /* NSString+ArchiveCache.m in Sources */,
				A1E95A0019EE6EB3006B68C2 /* JSONHTTPClient.m in Sources */,
				A1E959E319EE6EB3006B68C2 /* AFURLRequestSerialization.m in Sources */,
				A1E95A0119EE6EB3006B68C2 /* JSONModel+networking.m in Sources */,
				A1E959D419EE6EB3006B68C2 /* NSDictionary+OperationURL.m in Sources */,
				A106EEE71A04EBA000B4C470 /* NSDate+DDAddition.m in Sources */,
				A1E959F319EE6EB3006B68C2 /* FMDatabase.m in Sources */,
				A1E959FE19EE6EB3006B68C2 /* NSArray+JSONModel.m in Sources */,
				A1E959DF19EE6EB3006B68C2 /* AFHTTPSessionManager.m in Sources */,
				A103428E19F27D9F0042EF1C /* UIImageView+LoadImage.m in Sources */,
				A1E959DD19EE6EB3006B68C2 /* AFHTTPRequestOperation.m in Sources */,
				A1E959D619EE6EB3006B68C2 /* QBaseNetOperation.m in Sources */,
				A1E959E119EE6EB3006B68C2 /* AFSecurityPolicy.m in Sources */,
				A1E959FD19EE6EB3006B68C2 /* JSONModelError.m in Sources */,
				A1E959D119EE6EB3006B68C2 /* QBaseModel.m in Sources */,
				A1E959E919EE6EB3006B68C2 /* FICImageFormat.m in Sources */,
				A103429F19F27FB50042EF1C /* ODRefreshControl.m in Sources */,
				A1457A9419F4E873001185D9 /* FCCurrentLocationGeocoder.m in Sources */,
				A106EF001A071E9C00B4C470 /* QBaseListViewController.m in Sources */,
				A1E959E019EE6EB3006B68C2 /* AFNetworkReachabilityManager.m in Sources */,
				A1457A8319F4E78A001185D9 /* QBaseViewController+LocationGeocoder.m in Sources */,
				A1E959EB19EE6EB3006B68C2 /* FICImageTableChunk.m in Sources */,
				A1E959E519EE6EB3006B68C2 /* AFURLSessionManager.m in Sources */,
				A103429419F27E4F0042EF1C /* QBaseViewController+Photo.m in Sources */,
				A1E959D019EE6EB3006B68C2 /* QBaseViewController.m in Sources */,
				A1E95A0C19EE6EB3006B68C2 /* SDWebImageDecoder.m in Sources */,
				A103428D19F27D9F0042EF1C /* QBaseFileManager.m in Sources */,
				A103429B19F27F880042EF1C /* QBaseWaterDropRefreshTableView.m in Sources */,
				A1E959D719EE6EB3006B68C2 /* NSObject+QBaseNetworkObserver.m in Sources */,
				A103429019F27D9F0042EF1C /* QBaseUserInfo.m in Sources */,
				A1E959D319EE6EB3006B68C2 /* QBaseSqlHanldler.m in Sources */,
				A1E95A1319EE6EB3006B68C2 /* UIImage+MultiFormat.m in Sources */,
				A1E959D819EE6EB3006B68C2 /* QBaseNetworkObserver.m in Sources */,
				A1E959F419EE6EB3006B68C2 /* FMDatabaseAdditions.m in Sources */,
				A1E95A0A19EE6EB3006B68C2 /* SDImageCache.m in Sources */,
				A103429A19F27F880042EF1C /* QBaseTableView.m in Sources */,
				A1E959E419EE6EB3006B68C2 /* AFURLResponseSerialization.m in Sources */,
				A1E95A1719EE6EB3006B68C2 /* UIView+WebCacheOperation.m in Sources */,
				A1E959ED19EE6EB3006B68C2 /* FICUtilities.m in Sources */,
				A106EEEF1A04F04C00B4C470 /* NSString+Additions.m in Sources */,
				A106EEFA1A071C7A00B4C470 /* QBaseRefreshViewController.m in Sources */,
				A106EF0C1A07275A00B4C470 /* QBaseAnimateScrollViewElement.m in Sources */,
				A1E959D919EE6EB3006B68C2 /* QBaseRequest.m in Sources */,
				A1E959F519EE6EB3006B68C2 /* FMDatabasePool.m in Sources */,
			);
			runOnlyForDeploymentPostprocessing = 0;
		};
		A1E958F619EE6E9F006B68C2 /* Sources */ = {
			isa = PBXSourcesBuildPhase;
			buildActionMask = 2147483647;
			files = (
				A1E9590819EE6E9F006B68C2 /* QBaseFrameworkDemoTests.m in Sources */,
			);
			runOnlyForDeploymentPostprocessing = 0;
		};
/* End PBXSourcesBuildPhase section */

/* Begin PBXTargetDependency section */
		A1E9590019EE6E9F006B68C2 /* PBXTargetDependency */ = {
			isa = PBXTargetDependency;
			target = A1E958DE19EE6E9F006B68C2 /* QBaseFrameworkDemo */;
			targetProxy = A1E958FF19EE6E9F006B68C2 /* PBXContainerItemProxy */;
		};
/* End PBXTargetDependency section */

/* Begin PBXVariantGroup section */
		A1E958EB19EE6E9F006B68C2 /* InfoPlist.strings */ = {
			isa = PBXVariantGroup;
			children = (
				A1E958EC19EE6E9F006B68C2 /* en */,
			);
			name = InfoPlist.strings;
			sourceTree = "<group>";
		};
		A1E9590419EE6E9F006B68C2 /* InfoPlist.strings */ = {
			isa = PBXVariantGroup;
			children = (
				A1E9590519EE6E9F006B68C2 /* en */,
			);
			name = InfoPlist.strings;
			sourceTree = "<group>";
		};
/* End PBXVariantGroup section */

/* Begin XCBuildConfiguration section */
		A1E9590919EE6E9F006B68C2 /* Debug */ = {
			isa = XCBuildConfiguration;
			buildSettings = {
				ALWAYS_SEARCH_USER_PATHS = NO;
				CLANG_CXX_LANGUAGE_STANDARD = "gnu++0x";
				CLANG_CXX_LIBRARY = "libc++";
				CLANG_ENABLE_MODULES = YES;
				CLANG_ENABLE_OBJC_ARC = YES;
				CLANG_WARN_BOOL_CONVERSION = YES;
				CLANG_WARN_CONSTANT_CONVERSION = YES;
				CLANG_WARN_DIRECT_OBJC_ISA_USAGE = YES_ERROR;
				CLANG_WARN_EMPTY_BODY = YES;
				CLANG_WARN_ENUM_CONVERSION = YES;
				CLANG_WARN_INT_CONVERSION = YES;
				CLANG_WARN_OBJC_ROOT_CLASS = YES_ERROR;
				CLANG_WARN__DUPLICATE_METHOD_MATCH = YES;
				"CODE_SIGN_IDENTITY[sdk=iphoneos*]" = "iPhone Developer";
				COPY_PHASE_STRIP = NO;
				GCC_C_LANGUAGE_STANDARD = gnu99;
				GCC_DYNAMIC_NO_PIC = NO;
				GCC_OPTIMIZATION_LEVEL = 0;
				GCC_PREPROCESSOR_DEFINITIONS = (
					"DEBUG=1",
					"$(inherited)",
				);
				GCC_SYMBOLS_PRIVATE_EXTERN = NO;
				GCC_WARN_64_TO_32_BIT_CONVERSION = YES;
				GCC_WARN_ABOUT_RETURN_TYPE = YES_ERROR;
				GCC_WARN_UNDECLARED_SELECTOR = YES;
				GCC_WARN_UNINITIALIZED_AUTOS = YES_AGGRESSIVE;
				GCC_WARN_UNUSED_FUNCTION = YES;
				GCC_WARN_UNUSED_VARIABLE = YES;
				IPHONEOS_DEPLOYMENT_TARGET = 7.1;
				ONLY_ACTIVE_ARCH = YES;
				SDKROOT = iphoneos;
				TARGETED_DEVICE_FAMILY = "1,2";
			};
			name = Debug;
		};
		A1E9590A19EE6E9F006B68C2 /* Release */ = {
			isa = XCBuildConfiguration;
			buildSettings = {
				ALWAYS_SEARCH_USER_PATHS = NO;
				CLANG_CXX_LANGUAGE_STANDARD = "gnu++0x";
				CLANG_CXX_LIBRARY = "libc++";
				CLANG_ENABLE_MODULES = YES;
				CLANG_ENABLE_OBJC_ARC = YES;
				CLANG_WARN_BOOL_CONVERSION = YES;
				CLANG_WARN_CONSTANT_CONVERSION = YES;
				CLANG_WARN_DIRECT_OBJC_ISA_USAGE = YES_ERROR;
				CLANG_WARN_EMPTY_BODY = YES;
				CLANG_WARN_ENUM_CONVERSION = YES;
				CLANG_WARN_INT_CONVERSION = YES;
				CLANG_WARN_OBJC_ROOT_CLASS = YES_ERROR;
				CLANG_WARN__DUPLICATE_METHOD_MATCH = YES;
				"CODE_SIGN_IDENTITY[sdk=iphoneos*]" = "iPhone Developer";
				COPY_PHASE_STRIP = YES;
				ENABLE_NS_ASSERTIONS = NO;
				GCC_C_LANGUAGE_STANDARD = gnu99;
				GCC_WARN_64_TO_32_BIT_CONVERSION = YES;
				GCC_WARN_ABOUT_RETURN_TYPE = YES_ERROR;
				GCC_WARN_UNDECLARED_SELECTOR = YES;
				GCC_WARN_UNINITIALIZED_AUTOS = YES_AGGRESSIVE;
				GCC_WARN_UNUSED_FUNCTION = YES;
				GCC_WARN_UNUSED_VARIABLE = YES;
				IPHONEOS_DEPLOYMENT_TARGET = 7.1;
				SDKROOT = iphoneos;
				TARGETED_DEVICE_FAMILY = "1,2";
				VALIDATE_PRODUCT = YES;
			};
			name = Release;
		};
		A1E9590C19EE6E9F006B68C2 /* Debug */ = {
			isa = XCBuildConfiguration;
			buildSettings = {
				ASSETCATALOG_COMPILER_APPICON_NAME = AppIcon;
				ASSETCATALOG_COMPILER_LAUNCHIMAGE_NAME = LaunchImage;
				CODE_SIGN_IDENTITY = "iPhone Developer: shilong sang (9T3353N28G)";
				GCC_PRECOMPILE_PREFIX_HEADER = YES;
				GCC_PREFIX_HEADER = "QBaseFrameworkDemo/QBaseFrameworkDemo-Prefix.pch";
				INFOPLIST_FILE = "QBaseFrameworkDemo/QBaseFrameworkDemo-Info.plist";
				PRODUCT_NAME = "$(TARGET_NAME)";
				PROVISIONING_PROFILE = "704CE6A8-10D7-42D3-93C7-91790A0B384B";
				WRAPPER_EXTENSION = app;
			};
			name = Debug;
		};
		A1E9590D19EE6E9F006B68C2 /* Release */ = {
			isa = XCBuildConfiguration;
			buildSettings = {
				ASSETCATALOG_COMPILER_APPICON_NAME = AppIcon;
				ASSETCATALOG_COMPILER_LAUNCHIMAGE_NAME = LaunchImage;
				CODE_SIGN_IDENTITY = "iPhone Developer: shilong sang (9T3353N28G)";
				GCC_PRECOMPILE_PREFIX_HEADER = YES;
				GCC_PREFIX_HEADER = "QBaseFrameworkDemo/QBaseFrameworkDemo-Prefix.pch";
				INFOPLIST_FILE = "QBaseFrameworkDemo/QBaseFrameworkDemo-Info.plist";
				PRODUCT_NAME = "$(TARGET_NAME)";
				PROVISIONING_PROFILE = "704CE6A8-10D7-42D3-93C7-91790A0B384B";
				WRAPPER_EXTENSION = app;
			};
			name = Release;
		};
		A1E9590F19EE6E9F006B68C2 /* Debug */ = {
			isa = XCBuildConfiguration;
			buildSettings = {
				BUNDLE_LOADER = "$(BUILT_PRODUCTS_DIR)/QBaseFrameworkDemo.app/QBaseFrameworkDemo";
				FRAMEWORK_SEARCH_PATHS = (
					"$(SDKROOT)/Developer/Library/Frameworks",
					"$(inherited)",
					"$(DEVELOPER_FRAMEWORKS_DIR)",
				);
				GCC_PRECOMPILE_PREFIX_HEADER = YES;
				GCC_PREFIX_HEADER = "QBaseFrameworkDemo/QBaseFrameworkDemo-Prefix.pch";
				GCC_PREPROCESSOR_DEFINITIONS = (
					"DEBUG=1",
					"$(inherited)",
				);
				INFOPLIST_FILE = "QBaseFrameworkDemoTests/QBaseFrameworkDemoTests-Info.plist";
				PRODUCT_NAME = "$(TARGET_NAME)";
				TEST_HOST = "$(BUNDLE_LOADER)";
				WRAPPER_EXTENSION = xctest;
			};
			name = Debug;
		};
		A1E9591019EE6E9F006B68C2 /* Release */ = {
			isa = XCBuildConfiguration;
			buildSettings = {
				BUNDLE_LOADER = "$(BUILT_PRODUCTS_DIR)/QBaseFrameworkDemo.app/QBaseFrameworkDemo";
				FRAMEWORK_SEARCH_PATHS = (
					"$(SDKROOT)/Developer/Library/Frameworks",
					"$(inherited)",
					"$(DEVELOPER_FRAMEWORKS_DIR)",
				);
				GCC_PRECOMPILE_PREFIX_HEADER = YES;
				GCC_PREFIX_HEADER = "QBaseFrameworkDemo/QBaseFrameworkDemo-Prefix.pch";
				INFOPLIST_FILE = "QBaseFrameworkDemoTests/QBaseFrameworkDemoTests-Info.plist";
				PRODUCT_NAME = "$(TARGET_NAME)";
				TEST_HOST = "$(BUNDLE_LOADER)";
				WRAPPER_EXTENSION = xctest;
			};
			name = Release;
		};
/* End XCBuildConfiguration section */

/* Begin XCConfigurationList section */
		A1E958DA19EE6E9F006B68C2 /* Build configuration list for PBXProject "QBaseFrameworkDemo" */ = {
			isa = XCConfigurationList;
			buildConfigurations = (
				A1E9590919EE6E9F006B68C2 /* Debug */,
				A1E9590A19EE6E9F006B68C2 /* Release */,
			);
			defaultConfigurationIsVisible = 0;
			defaultConfigurationName = Release;
		};
		A1E9590B19EE6E9F006B68C2 /* Build configuration list for PBXNativeTarget "QBaseFrameworkDemo" */ = {
			isa = XCConfigurationList;
			buildConfigurations = (
				A1E9590C19EE6E9F006B68C2 /* Debug */,
				A1E9590D19EE6E9F006B68C2 /* Release */,
			);
			defaultConfigurationIsVisible = 0;
			defaultConfigurationName = Release;
		};
		A1E9590E19EE6E9F006B68C2 /* Build configuration list for PBXNativeTarget "QBaseFrameworkDemoTests" */ = {
			isa = XCConfigurationList;
			buildConfigurations = (
				A1E9590F19EE6E9F006B68C2 /* Debug */,
				A1E9591019EE6E9F006B68C2 /* Release */,
			);
			defaultConfigurationIsVisible = 0;
			defaultConfigurationName = Release;
		};
/* End XCConfigurationList section */
	};
	rootObject = A1E958D719EE6E9F006B68C2 /* Project object */;
}
