// !$*UTF8*$!
{
	archiveVersion = 1;
	classes = {
	};
	objectVersion = 46;
	objects = {

/* Begin PBXBuildFile section */
		A1F759D71A2C4CC900FDB160 /* main.m in Sources */ = {isa = PBXBuildFile; fileRef = A1F759D61A2C4CC900FDB160 /* main.m */; };
		A1F759DA1A2C4CC900FDB160 /* AppDelegate.m in Sources */ = {isa = PBXBuildFile; fileRef = A1F759D91A2C4CC900FDB160 /* AppDelegate.m */; };
		A1F759DC1A2C4CC900FDB160 /* Images.xcassets in Resources */ = {isa = PBXBuildFile; fileRef = A1F759DB1A2C4CC900FDB160 /* Images.xcassets */; };
		A1F759DF1A2C4CC900FDB160 /* LaunchScreen.xib in Resources */ = {isa = PBXBuildFile; fileRef = A1F759DD1A2C4CC900FDB160 /* LaunchScreen.xib */; };
		A1F759EB1A2C4CC900FDB160 /* DemoTests.m in Sources */ = {isa = PBXBuildFile; fileRef = A1F759EA1A2C4CC900FDB160 /* DemoTests.m */; };
		A1F759FC1A2C4CDC00FDB160 /* QBaseFramework.framework in Frameworks */ = {isa = PBXBuildFile; fileRef = A1F759F91A2C4CD100FDB160 /* QBaseFramework.framework */; };
/* End PBXBuildFile section */

/* Begin PBXContainerItemProxy section */
		A1F759E51A2C4CC900FDB160 /* PBXContainerItemProxy */ = {
			isa = PBXContainerItemProxy;
			containerPortal = A1F759C91A2C4CC900FDB160 /* Project object */;
			proxyType = 1;
			remoteGlobalIDString = A1F759D01A2C4CC900FDB160;
			remoteInfo = Demo;
		};
		A1F759F81A2C4CD100FDB160 /* PBXContainerItemProxy */ = {
			isa = PBXContainerItemProxy;
			containerPortal = A1F759F41A2C4CD100FDB160 /* QBaseFramework.xcodeproj */;
			proxyType = 2;
			remoteGlobalIDString = A11EE85D1A2963E700FA478C;
			remoteInfo = QBaseFramework;
		};
		A1F759FA1A2C4CD900FDB160 /* PBXContainerItemProxy */ = {
			isa = PBXContainerItemProxy;
			containerPortal = A1F759F41A2C4CD100FDB160 /* QBaseFramework.xcodeproj */;
			proxyType = 1;
			remoteGlobalIDString = A11EE85C1A2963E700FA478C;
			remoteInfo = QBaseFramework;
		};
/* End PBXContainerItemProxy section */

/* Begin PBXFileReference section */
		A1F759D11A2C4CC900FDB160 /* Demo.app */ = {isa = PBXFileReference; explicitFileType = wrapper.application; includeInIndex = 0; path = Demo.app; sourceTree = BUILT_PRODUCTS_DIR; };
		A1F759D51A2C4CC900FDB160 /* Info.plist */ = {isa = PBXFileReference; lastKnownFileType = text.plist.xml; path = Info.plist; sourceTree = "<group>"; };
		A1F759D61A2C4CC900FDB160 /* main.m */ = {isa = PBXFileReference; lastKnownFileType = sourcecode.c.objc; path = main.m; sourceTree = "<group>"; };
		A1F759D81A2C4CC900FDB160 /* AppDelegate.h */ = {isa = PBXFileReference; lastKnownFileType = sourcecode.c.h; path = AppDelegate.h; sourceTree = "<group>"; };
		A1F759D91A2C4CC900FDB160 /* AppDelegate.m */ = {isa = PBXFileReference; lastKnownFileType = sourcecode.c.objc; path = AppDelegate.m; sourceTree = "<group>"; };
		A1F759DB1A2C4CC900FDB160 /* Images.xcassets */ = {isa = PBXFileReference; lastKnownFileType = folder.assetcatalog; path = Images.xcassets; sourceTree = "<group>"; };
		A1F759DE1A2C4CC900FDB160 /* Base */ = {isa = PBXFileReference; lastKnownFileType = file.xib; name = Base; path = Base.lproj/LaunchScreen.xib; sourceTree = "<group>"; };
		A1F759E41A2C4CC900FDB160 /* DemoTests.xctest */ = {isa = PBXFileReference; explicitFileType = wrapper.cfbundle; includeInIndex = 0; path = DemoTests.xctest; sourceTree = BUILT_PRODUCTS_DIR; };
		A1F759E91A2C4CC900FDB160 /* Info.plist */ = {isa = PBXFileReference; lastKnownFileType = text.plist.xml; path = Info.plist; sourceTree = "<group>"; };
		A1F759EA1A2C4CC900FDB160 /* DemoTests.m */ = {isa = PBXFileReference; lastKnownFileType = sourcecode.c.objc; path = DemoTests.m; sourceTree = "<group>"; };
		A1F759F41A2C4CD100FDB160 /* QBaseFramework.xcodeproj */ = {isa = PBXFileReference; lastKnownFileType = "wrapper.pb-project"; name = QBaseFramework.xcodeproj; path = ../QBaseFramework/QBaseFramework.xcodeproj; sourceTree = "<group>"; };
		A1F759FD1A2C4D0A00FDB160 /* QBasePch.pch */ = {isa = PBXFileReference; lastKnownFileType = sourcecode.c.h; path = QBasePch.pch; sourceTree = "<group>"; };
/* End PBXFileReference section */

/* Begin PBXFrameworksBuildPhase section */
		A1F759CE1A2C4CC900FDB160 /* Frameworks */ = {
			isa = PBXFrameworksBuildPhase;
			buildActionMask = 2147483647;
			files = (
				A1F759FC1A2C4CDC00FDB160 /* QBaseFramework.framework in Frameworks */,
			);
			runOnlyForDeploymentPostprocessing = 0;
		};
		A1F759E11A2C4CC900FDB160 /* Frameworks */ = {
			isa = PBXFrameworksBuildPhase;
			buildActionMask = 2147483647;
			files = (
			);
			runOnlyForDeploymentPostprocessing = 0;
		};
/* End PBXFrameworksBuildPhase section */

/* Begin PBXGroup section */
		A1F759C81A2C4CC900FDB160 = {
			isa = PBXGroup;
			children = (
				A1F759F41A2C4CD100FDB160 /* QBaseFramework.xcodeproj */,
				A1F759D31A2C4CC900FDB160 /* Demo */,
				A1F759E71A2C4CC900FDB160 /* DemoTests */,
				A1F759D21A2C4CC900FDB160 /* Products */,
			);
			sourceTree = "<group>";
		};
		A1F759D21A2C4CC900FDB160 /* Products */ = {
			isa = PBXGroup;
			children = (
				A1F759D11A2C4CC900FDB160 /* Demo.app */,
				A1F759E41A2C4CC900FDB160 /* DemoTests.xctest */,
			);
			name = Products;
			sourceTree = "<group>";
		};
		A1F759D31A2C4CC900FDB160 /* Demo */ = {
			isa = PBXGroup;
			children = (
				A1F759D81A2C4CC900FDB160 /* AppDelegate.h */,
				A1F759D91A2C4CC900FDB160 /* AppDelegate.m */,
				A1F759DB1A2C4CC900FDB160 /* Images.xcassets */,
				A1F759DD1A2C4CC900FDB160 /* LaunchScreen.xib */,
				A1F759D41A2C4CC900FDB160 /* Supporting Files */,
			);
			path = Demo;
			sourceTree = "<group>";
		};
		A1F759D41A2C4CC900FDB160 /* Supporting Files */ = {
			isa = PBXGroup;
			children = (
				A1F759D51A2C4CC900FDB160 /* Info.plist */,
				A1F759D61A2C4CC900FDB160 /* main.m */,
				A1F759FD1A2C4D0A00FDB160 /* QBasePch.pch */,
			);
			name = "Supporting Files";
			sourceTree = "<group>";
		};
		A1F759E71A2C4CC900FDB160 /* DemoTests */ = {
			isa = PBXGroup;
			children = (
				A1F759EA1A2C4CC900FDB160 /* DemoTests.m */,
				A1F759E81A2C4CC900FDB160 /* Supporting Files */,
			);
			path = DemoTests;
			sourceTree = "<group>";
		};
		A1F759E81A2C4CC900FDB160 /* Supporting Files */ = {
			isa = PBXGroup;
			children = (
				A1F759E91A2C4CC900FDB160 /* Info.plist */,
			);
			name = "Supporting Files";
			sourceTree = "<group>";
		};
		A1F759F51A2C4CD100FDB160 /* Products */ = {
			isa = PBXGroup;
			children = (
				A1F759F91A2C4CD100FDB160 /* QBaseFramework.framework */,
			);
			name = Products;
			sourceTree = "<group>";
		};
/* End PBXGroup section */

/* Begin PBXNativeTarget section */
		A1F759D01A2C4CC900FDB160 /* Demo */ = {
			isa = PBXNativeTarget;
			buildConfigurationList = A1F759EE1A2C4CC900FDB160 /* Build configuration list for PBXNativeTarget "Demo" */;
			buildPhases = (
				A1F759CD1A2C4CC900FDB160 /* Sources */,
				A1F759CE1A2C4CC900FDB160 /* Frameworks */,
				A1F759CF1A2C4CC900FDB160 /* Resources */,
			);
			buildRules = (
			);
			dependencies = (
				A1F759FB1A2C4CD900FDB160 /* PBXTargetDependency */,
			);
			name = Demo;
			productName = Demo;
			productReference = A1F759D11A2C4CC900FDB160 /* Demo.app */;
			productType = "com.apple.product-type.application";
		};
		A1F759E31A2C4CC900FDB160 /* DemoTests */ = {
			isa = PBXNativeTarget;
			buildConfigurationList = A1F759F11A2C4CC900FDB160 /* Build configuration list for PBXNativeTarget "DemoTests" */;
			buildPhases = (
				A1F759E01A2C4CC900FDB160 /* Sources */,
				A1F759E11A2C4CC900FDB160 /* Frameworks */,
				A1F759E21A2C4CC900FDB160 /* Resources */,
			);
			buildRules = (
			);
			dependencies = (
				A1F759E61A2C4CC900FDB160 /* PBXTargetDependency */,
			);
			name = DemoTests;
			productName = DemoTests;
			productReference = A1F759E41A2C4CC900FDB160 /* DemoTests.xctest */;
			productType = "com.apple.product-type.bundle.unit-test";
		};
/* End PBXNativeTarget section */

/* Begin PBXProject section */
		A1F759C91A2C4CC900FDB160 /* Project object */ = {
			isa = PBXProject;
			attributes = {
				LastUpgradeCheck = 0610;
				ORGANIZATIONNAME = "Andy Jin";
				TargetAttributes = {
					A1F759D01A2C4CC900FDB160 = {
						CreatedOnToolsVersion = 6.1;
					};
					A1F759E31A2C4CC900FDB160 = {
						CreatedOnToolsVersion = 6.1;
						TestTargetID = A1F759D01A2C4CC900FDB160;
					};
				};
			};
			buildConfigurationList = A1F759CC1A2C4CC900FDB160 /* Build configuration list for PBXProject "Demo" */;
			compatibilityVersion = "Xcode 3.2";
			developmentRegion = English;
			hasScannedForEncodings = 0;
			knownRegions = (
				en,
				Base,
			);
			mainGroup = A1F759C81A2C4CC900FDB160;
			productRefGroup = A1F759D21A2C4CC900FDB160 /* Products */;
			projectDirPath = "";
			projectReferences = (
				{
					ProductGroup = A1F759F51A2C4CD100FDB160 /* Products */;
					ProjectRef = A1F759F41A2C4CD100FDB160 /* QBaseFramework.xcodeproj */;
				},
			);
			projectRoot = "";
			targets = (
				A1F759D01A2C4CC900FDB160 /* Demo */,
				A1F759E31A2C4CC900FDB160 /* DemoTests */,
			);
		};
/* End PBXProject section */

/* Begin PBXReferenceProxy section */
		A1F759F91A2C4CD100FDB160 /* QBaseFramework.framework */ = {
			isa = PBXReferenceProxy;
			fileType = wrapper.framework.static;
			path = QBaseFramework.framework;
			remoteRef = A1F759F81A2C4CD100FDB160 /* PBXContainerItemProxy */;
			sourceTree = BUILT_PRODUCTS_DIR;
		};
/* End PBXReferenceProxy section */

/* Begin PBXResourcesBuildPhase section */
		A1F759CF1A2C4CC900FDB160 /* Resources */ = {
			isa = PBXResourcesBuildPhase;
			buildActionMask = 2147483647;
			files = (
				A1F759DF1A2C4CC900FDB160 /* LaunchScreen.xib in Resources */,
				A1F759DC1A2C4CC900FDB160 /* Images.xcassets in Resources */,
			);
			runOnlyForDeploymentPostprocessing = 0;
		};
		A1F759E21A2C4CC900FDB160 /* Resources */ = {
			isa = PBXResourcesBuildPhase;
			buildActionMask = 2147483647;
			files = (
			);
			runOnlyForDeploymentPostprocessing = 0;
		};
/* End PBXResourcesBuildPhase section */

/* Begin PBXSourcesBuildPhase section */
		A1F759CD1A2C4CC900FDB160 /* Sources */ = {
			isa = PBXSourcesBuildPhase;
			buildActionMask = 2147483647;
			files = (
				A1F759DA1A2C4CC900FDB160 /* AppDelegate.m in Sources */,
				A1F759D71A2C4CC900FDB160 /* main.m in Sources */,
			);
			runOnlyForDeploymentPostprocessing = 0;
		};
		A1F759E01A2C4CC900FDB160 /* Sources */ = {
			isa = PBXSourcesBuildPhase;
			buildActionMask = 2147483647;
			files = (
				A1F759EB1A2C4CC900FDB160 /* DemoTests.m in Sources */,
			);
			runOnlyForDeploymentPostprocessing = 0;
		};
/* End PBXSourcesBuildPhase section */

/* Begin PBXTargetDependency section */
		A1F759E61A2C4CC900FDB160 /* PBXTargetDependency */ = {
			isa = PBXTargetDependency;
			target = A1F759D01A2C4CC900FDB160 /* Demo */;
			targetProxy = A1F759E51A2C4CC900FDB160 /* PBXContainerItemProxy */;
		};
		A1F759FB1A2C4CD900FDB160 /* PBXTargetDependency */ = {
			isa = PBXTargetDependency;
			name = QBaseFramework;
			targetProxy = A1F759FA1A2C4CD900FDB160 /* PBXContainerItemProxy */;
		};
/* End PBXTargetDependency section */

/* Begin PBXVariantGroup section */
		A1F759DD1A2C4CC900FDB160 /* LaunchScreen.xib */ = {
			isa = PBXVariantGroup;
			children = (
				A1F759DE1A2C4CC900FDB160 /* Base */,
			);
			name = LaunchScreen.xib;
			sourceTree = "<group>";
		};
/* End PBXVariantGroup section */

/* Begin XCBuildConfiguration section */
		A1F759EC1A2C4CC900FDB160 /* Debug */ = {
			isa = XCBuildConfiguration;
			buildSettings = {
				ALWAYS_SEARCH_USER_PATHS = NO;
				CLANG_CXX_LANGUAGE_STANDARD = "gnu++0x";
				CLANG_CXX_LIBRARY = "libc++";
				CLANG_ENABLE_MODULES = YES;
				CLANG_ENABLE_OBJC_ARC = YES;
				CLANG_WARN_BOOL_CONVERSION = YES;
				CLANG_WARN_CONSTANT_CONVERSION = YES;
				CLANG_WARN_DIRECT_OBJC_ISA_USAGE = YES_ERROR;
				CLANG_WARN_EMPTY_BODY = YES;
				CLANG_WARN_ENUM_CONVERSION = YES;
				CLANG_WARN_INT_CONVERSION = YES;
				CLANG_WARN_OBJC_ROOT_CLASS = YES_ERROR;
				CLANG_WARN_UNREACHABLE_CODE = YES;
				CLANG_WARN__DUPLICATE_METHOD_MATCH = YES;
				"CODE_SIGN_IDENTITY[sdk=iphoneos*]" = "iPhone Developer";
				COPY_PHASE_STRIP = NO;
				ENABLE_STRICT_OBJC_MSGSEND = YES;
				GCC_C_LANGUAGE_STANDARD = gnu99;
				GCC_DYNAMIC_NO_PIC = NO;
				GCC_OPTIMIZATION_LEVEL = 0;
				GCC_PREPROCESSOR_DEFINITIONS = (
					"DEBUG=1",
					"$(inherited)",
				);
				GCC_SYMBOLS_PRIVATE_EXTERN = NO;
				GCC_WARN_64_TO_32_BIT_CONVERSION = YES;
				GCC_WARN_ABOUT_RETURN_TYPE = YES_ERROR;
				GCC_WARN_UNDECLARED_SELECTOR = YES;
				GCC_WARN_UNINITIALIZED_AUTOS = YES_AGGRESSIVE;
				GCC_WARN_UNUSED_FUNCTION = YES;
				GCC_WARN_UNUSED_VARIABLE = YES;
				IPHONEOS_DEPLOYMENT_TARGET = 8.1;
				MTL_ENABLE_DEBUG_INFO = YES;
				ONLY_ACTIVE_ARCH = YES;
				SDKROOT = iphoneos;
				TARGETED_DEVICE_FAMILY = "1,2";
			};
			name = Debug;
		};
		A1F759ED1A2C4CC900FDB160 /* Release */ = {
			isa = XCBuildConfiguration;
			buildSettings = {
				ALWAYS_SEARCH_USER_PATHS = NO;
				CLANG_CXX_LANGUAGE_STANDARD = "gnu++0x";
				CLANG_CXX_LIBRARY = "libc++";
				CLANG_ENABLE_MODULES = YES;
				CLANG_ENABLE_OBJC_ARC = YES;
				CLANG_WARN_BOOL_CONVERSION = YES;
				CLANG_WARN_CONSTANT_CONVERSION = YES;
				CLANG_WARN_DIRECT_OBJC_ISA_USAGE = YES_ERROR;
				CLANG_WARN_EMPTY_BODY = YES;
				CLANG_WARN_ENUM_CONVERSION = YES;
				CLANG_WARN_INT_CONVERSION = YES;
				CLANG_WARN_OBJC_ROOT_CLASS = YES_ERROR;
				CLANG_WARN_UNREACHABLE_CODE = YES;
				CLANG_WARN__DUPLICATE_METHOD_MATCH = YES;
				"CODE_SIGN_IDENTITY[sdk=iphoneos*]" = "iPhone Developer";
				COPY_PHASE_STRIP = YES;
				ENABLE_NS_ASSERTIONS = NO;
				ENABLE_STRICT_OBJC_MSGSEND = YES;
				GCC_C_LANGUAGE_STANDARD = gnu99;
				GCC_WARN_64_TO_32_BIT_CONVERSION = YES;
				GCC_WARN_ABOUT_RETURN_TYPE = YES_ERROR;
				GCC_WARN_UNDECLARED_SELECTOR = YES;
				GCC_WARN_UNINITIALIZED_AUTOS = YES_AGGRESSIVE;
				GCC_WARN_UNUSED_FUNCTION = YES;
				GCC_WARN_UNUSED_VARIABLE = YES;
				IPHONEOS_DEPLOYMENT_TARGET = 8.1;
				MTL_ENABLE_DEBUG_INFO = NO;
				SDKROOT = iphoneos;
				TARGETED_DEVICE_FAMILY = "1,2";
				VALIDATE_PRODUCT = YES;
			};
			name = Release;
		};
		A1F759EF1A2C4CC900FDB160 /* Debug */ = {
			isa = XCBuildConfiguration;
			buildSettings = {
				ASSETCATALOG_COMPILER_APPICON_NAME = AppIcon;
				CODE_SIGN_IDENTITY = "iPhone Developer: shilong sang (9T3353N28G)";
				GCC_PREFIX_HEADER = "$(SRCROOT)/Demo/QBasePch.pch";
				INFOPLIST_FILE = Demo/Info.plist;
				IPHONEOS_DEPLOYMENT_TARGET = 6.1;
				LD_RUNPATH_SEARCH_PATHS = "$(inherited) @executable_path/Frameworks";
				PRODUCT_NAME = "$(TARGET_NAME)";
				PROVISIONING_PROFILE = "704CE6A8-10D7-42D3-93C7-91790A0B384B";
			};
			name = Debug;
		};
		A1F759F01A2C4CC900FDB160 /* Release */ = {
			isa = XCBuildConfiguration;
			buildSettings = {
				ASSETCATALOG_COMPILER_APPICON_NAME = AppIcon;
				CODE_SIGN_IDENTITY = "iPhone Developer: shilong sang (9T3353N28G)";
				GCC_PREFIX_HEADER = "$(SRCROOT)/Demo/QBasePch.pch";
				INFOPLIST_FILE = Demo/Info.plist;
				IPHONEOS_DEPLOYMENT_TARGET = 6.1;
				LD_RUNPATH_SEARCH_PATHS = "$(inherited) @executable_path/Frameworks";
				PRODUCT_NAME = "$(TARGET_NAME)";
				PROVISIONING_PROFILE = "704CE6A8-10D7-42D3-93C7-91790A0B384B";
			};
			name = Release;
		};
		A1F759F21A2C4CC900FDB160 /* Debug */ = {
			isa = XCBuildConfiguration;
			buildSettings = {
				BUNDLE_LOADER = "$(TEST_HOST)";
				FRAMEWORK_SEARCH_PATHS = (
					"$(SDKROOT)/Developer/Library/Frameworks",
					"$(inherited)",
				);
				GCC_PREPROCESSOR_DEFINITIONS = (
					"DEBUG=1",
					"$(inherited)",
				);
				INFOPLIST_FILE = DemoTests/Info.plist;
				LD_RUNPATH_SEARCH_PATHS = "$(inherited) @executable_path/Frameworks @loader_path/Frameworks";
				PRODUCT_NAME = "$(TARGET_NAME)";
				TEST_HOST = "$(BUILT_PRODUCTS_DIR)/Demo.app/Demo";
			};
			name = Debug;
		};
		A1F759F31A2C4CC900FDB160 /* Release */ = {
			isa = XCBuildConfiguration;
			buildSettings = {
				BUNDLE_LOADER = "$(TEST_HOST)";
				FRAMEWORK_SEARCH_PATHS = (
					"$(SDKROOT)/Developer/Library/Frameworks",
					"$(inherited)",
				);
				INFOPLIST_FILE = DemoTests/Info.plist;
				LD_RUNPATH_SEARCH_PATHS = "$(inherited) @executable_path/Frameworks @loader_path/Frameworks";
				PRODUCT_NAME = "$(TARGET_NAME)";
				TEST_HOST = "$(BUILT_PRODUCTS_DIR)/Demo.app/Demo";
			};
			name = Release;
		};
/* End XCBuildConfiguration section */

/* Begin XCConfigurationList section */
		A1F759CC1A2C4CC900FDB160 /* Build configuration list for PBXProject "Demo" */ = {
			isa = XCConfigurationList;
			buildConfigurations = (
				A1F759EC1A2C4CC900FDB160 /* Debug */,
				A1F759ED1A2C4CC900FDB160 /* Release */,
			);
			defaultConfigurationIsVisible = 0;
			defaultConfigurationName = Release;
		};
		A1F759EE1A2C4CC900FDB160 /* Build configuration list for PBXNativeTarget "Demo" */ = {
			isa = XCConfigurationList;
			buildConfigurations = (
				A1F759EF1A2C4CC900FDB160 /* Debug */,
				A1F759F01A2C4CC900FDB160 /* Release */,
			);
			defaultConfigurationIsVisible = 0;
			defaultConfigurationName = Release;
		};
		A1F759F11A2C4CC900FDB160 /* Build configuration list for PBXNativeTarget "DemoTests" */ = {
			isa = XCConfigurationList;
			buildConfigurations = (
				A1F759F21A2C4CC900FDB160 /* Debug */,
				A1F759F31A2C4CC900FDB160 /* Release */,
			);
			defaultConfigurationIsVisible = 0;
			defaultConfigurationName = Release;
		};
/* End XCConfigurationList section */
	};
	rootObject = A1F759C91A2C4CC900FDB160 /* Project object */;
}
